// !$*UTF8*$!
{
	archiveVersion = 1;
	classes = {
	};
	objectVersion = 45;
	objects = {

/* Begin PBXBuildFile section */
		F73129A010188FDF0049CD99 /* Security.framework in Frameworks */ = {isa = PBXBuildFile; fileRef = F731299F10188FDF0049CD99 /* Security.framework */; };
		F769E9440FC42BB700630D69 /* CoreLocation.framework in Frameworks */ = {isa = PBXBuildFile; fileRef = F769E9430FC42BB700630D69 /* CoreLocation.framework */; };
		F789F60F0FB387B00062AC0F /* CoreFoundation.framework in Frameworks */ = {isa = PBXBuildFile; fileRef = F789F60E0FB387B00062AC0F /* CoreFoundation.framework */; };
		F79193260FC43777003BC117 /* MapKit.framework in Frameworks */ = {isa = PBXBuildFile; fileRef = F79193250FC43777003BC117 /* MapKit.framework */; };
		F7AADFBC0FC1EF9500BDCDAB /* Foundation.framework in Frameworks */ = {isa = PBXBuildFile; fileRef = F7AADFBB0FC1EF9500BDCDAB /* Foundation.framework */; };
		F7AADFC50FC1EFE100BDCDAB /* CoreData.framework in Frameworks */ = {isa = PBXBuildFile; fileRef = F7AADFC40FC1EFE100BDCDAB /* CoreData.framework */; };
		F7BD469E1121BCDA005457F1 /* MainViewController.m in Sources */ = {isa = PBXBuildFile; fileRef = F7BD46611121BCDA005457F1 /* MainViewController.m */; };
		F7BD469F1121BCDA005457F1 /* WelcomeViewController.m in Sources */ = {isa = PBXBuildFile; fileRef = F7BD46631121BCDA005457F1 /* WelcomeViewController.m */; };
		F7BD46A01121BCDA005457F1 /* RadiusController.m in Sources */ = {isa = PBXBuildFile; fileRef = F7BD46651121BCDA005457F1 /* RadiusController.m */; };
		F7BD46A11121BCDA005457F1 /* CoordInputController.m in Sources */ = {isa = PBXBuildFile; fileRef = F7BD46671121BCDA005457F1 /* CoordInputController.m */; };
		F7BD46A21121BCDA005457F1 /* DropMapViewController.m in Sources */ = {isa = PBXBuildFile; fileRef = F7BD46691121BCDA005457F1 /* DropMapViewController.m */; };
		F7BD46A31121BCDA005457F1 /* DDAnnotationView.m in Sources */ = {isa = PBXBuildFile; fileRef = F7BD466B1121BCDA005457F1 /* DDAnnotationView.m */; };
		F7BD46A41121BCDA005457F1 /* DDAnnotation.m in Sources */ = {isa = PBXBuildFile; fileRef = F7BD466D1121BCDA005457F1 /* DDAnnotation.m */; };
		F7BD46A51121BCDA005457F1 /* RegionViewController.m in Sources */ = {isa = PBXBuildFile; fileRef = F7BD466F1121BCDA005457F1 /* RegionViewController.m */; };
		F7BD46A61121BCDA005457F1 /* MapController.m in Sources */ = {isa = PBXBuildFile; fileRef = F7BD46711121BCDA005457F1 /* MapController.m */; };
		F7BD46A71121BCDA005457F1 /* MapTypeController.m in Sources */ = {isa = PBXBuildFile; fileRef = F7BD46731121BCDA005457F1 /* MapTypeController.m */; };
		F7BD46A81121BCDA005457F1 /* SampleTableController.m in Sources */ = {isa = PBXBuildFile; fileRef = F7BD46751121BCDA005457F1 /* SampleTableController.m */; };
		F7BD46A91121BCDA005457F1 /* SampleInfoController.m in Sources */ = {isa = PBXBuildFile; fileRef = F7BD46771121BCDA005457F1 /* SampleInfoController.m */; };
		F7BD46AA1121BCDA005457F1 /* AnalysisSummary.m in Sources */ = {isa = PBXBuildFile; fileRef = F7BD46791121BCDA005457F1 /* AnalysisSummary.m */; };
		F7BD46AB1121BCDA005457F1 /* CommentDisplayController.m in Sources */ = {isa = PBXBuildFile; fileRef = F7BD467B1121BCDA005457F1 /* CommentDisplayController.m */; };
		F7BD46AC1121BCDA005457F1 /* AddCommentController.m in Sources */ = {isa = PBXBuildFile; fileRef = F7BD467D1121BCDA005457F1 /* AddCommentController.m */; };
		F7BD46AD1121BCDA005457F1 /* SearchCriteriaController.m in Sources */ = {isa = PBXBuildFile; fileRef = F7BD467F1121BCDA005457F1 /* SearchCriteriaController.m */; };
		F7BD46AE1121BCDA005457F1 /* TableController.m in Sources */ = {isa = PBXBuildFile; fileRef = F7BD46811121BCDA005457F1 /* TableController.m */; };
		F7BD46AF1121BCDA005457F1 /* RockTypeController.m in Sources */ = {isa = PBXBuildFile; fileRef = F7BD46831121BCDA005457F1 /* RockTypeController.m */; };
		F7BD46B01121BCDA005457F1 /* MineralsController.m in Sources */ = {isa = PBXBuildFile; fileRef = F7BD46851121BCDA005457F1 /* MineralsController.m */; };
		F7BD46B11121BCDA005457F1 /* MetamorphicGradeController.m in Sources */ = {isa = PBXBuildFile; fileRef = F7BD46871121BCDA005457F1 /* MetamorphicGradeController.m */; };
		F7BD46B21121BCDA005457F1 /* OwnerViewController.m in Sources */ = {isa = PBXBuildFile; fileRef = F7BD46891121BCDA005457F1 /* OwnerViewController.m */; };
		F7BD46B31121BCDA005457F1 /* ImageViewController.m in Sources */ = {isa = PBXBuildFile; fileRef = F7BD468B1121BCDA005457F1 /* ImageViewController.m */; };
		F7BD46B41121BCDA005457F1 /* SingleImageView.m in Sources */ = {isa = PBXBuildFile; fileRef = F7BD468D1121BCDA005457F1 /* SingleImageView.m */; };
		F7BD46B51121BCDA005457F1 /* AnnotationObjects.m in Sources */ = {isa = PBXBuildFile; fileRef = F7BD468F1121BCDA005457F1 /* AnnotationObjects.m */; };
		F7BD46B61121BCDA005457F1 /* LoginViewController.m in Sources */ = {isa = PBXBuildFile; fileRef = F7BD46911121BCDA005457F1 /* LoginViewController.m */; };
		F7BD46B71121BCDA005457F1 /* uniqueSamples.m in Sources */ = {isa = PBXBuildFile; fileRef = F7BD46931121BCDA005457F1 /* uniqueSamples.m */; };
		F7BD46B81121BCDA005457F1 /* InfoViewController.m in Sources */ = {isa = PBXBuildFile; fileRef = F7BD46951121BCDA005457F1 /* InfoViewController.m */; };
		F7BD46B91121BCDA005457F1 /* SecurityController.m in Sources */ = {isa = PBXBuildFile; fileRef = F7BD46971121BCDA005457F1 /* SecurityController.m */; };
		F7BD46BA1121BCDA005457F1 /* xmlParser.m in Sources */ = {isa = PBXBuildFile; fileRef = F7BD46991121BCDA005457F1 /* xmlParser.m */; };
		F7BD46BB1121BCDA005457F1 /* CriteriaSummary.m in Sources */ = {isa = PBXBuildFile; fileRef = F7BD469B1121BCDA005457F1 /* CriteriaSummary.m */; };
		F7BD46BC1121BCDA005457F1 /* MetPetDBAppDelegate.m in Sources */ = {isa = PBXBuildFile; fileRef = F7BD469D1121BCDA005457F1 /* MetPetDBAppDelegate.m */; };
		F7BD46C21121BCFE005457F1 /* LocationControllerMain.m in Sources */ = {isa = PBXBuildFile; fileRef = F7BD46C01121BCFE005457F1 /* LocationControllerMain.m */; };
		F7BD46C51121BD53005457F1 /* main.m in Sources */ = {isa = PBXBuildFile; fileRef = F7BD46C41121BD53005457F1 /* main.m */; };
		F7BD46E81121BD75005457F1 /* CoordinateInputView.xib in Resources */ = {isa = PBXBuildFile; fileRef = F7BD46C61121BD74005457F1 /* CoordinateInputView.xib */; };
		F7BD46E91121BD75005457F1 /* dropMapView.xib in Resources */ = {isa = PBXBuildFile; fileRef = F7BD46C71121BD74005457F1 /* dropMapView.xib */; };
		F7BD46EA1121BD75005457F1 /* ResetView.xib in Resources */ = {isa = PBXBuildFile; fileRef = F7BD46C81121BD74005457F1 /* ResetView.xib */; };
		F7BD46EB1121BD75005457F1 /* InfoView.xib in Resources */ = {isa = PBXBuildFile; fileRef = F7BD46C91121BD74005457F1 /* InfoView.xib */; };
		F7BD46EC1121BD75005457F1 /* iTunesArtwork.jpg in Resources */ = {isa = PBXBuildFile; fileRef = F7BD46CA1121BD74005457F1 /* iTunesArtwork.jpg */; };
		F7BD46ED1121BD75005457F1 /* OwnerView.xib in Resources */ = {isa = PBXBuildFile; fileRef = F7BD46CB1121BD74005457F1 /* OwnerView.xib */; };
		F7BD46EE1121BD75005457F1 /* Icon.png in Resources */ = {isa = PBXBuildFile; fileRef = F7BD46CC1121BD74005457F1 /* Icon.png */; };
		F7BD46EF1121BD75005457F1 /* iTunesArtwork in Resources */ = {isa = PBXBuildFile; fileRef = F7BD46CD1121BD75005457F1 /* iTunesArtwork */; };
		F7BD46F01121BD75005457F1 /* MapTypeView.xib in Resources */ = {isa = PBXBuildFile; fileRef = F7BD46CE1121BD75005457F1 /* MapTypeView.xib */; };
		F7BD46F11121BD75005457F1 /* AddComment.xib in Resources */ = {isa = PBXBuildFile; fileRef = F7BD46CF1121BD75005457F1 /* AddComment.xib */; };
		F7BD46F21121BD75005457F1 /* ChemicalAnalysis.xib in Resources */ = {isa = PBXBuildFile; fileRef = F7BD46D01121BD75005457F1 /* ChemicalAnalysis.xib */; };
		F7BD46F31121BD75005457F1 /* CommentDisplay.xib in Resources */ = {isa = PBXBuildFile; fileRef = F7BD46D11121BD75005457F1 /* CommentDisplay.xib */; };
		F7BD46F41121BD75005457F1 /* ImageView.xib in Resources */ = {isa = PBXBuildFile; fileRef = F7BD46D21121BD75005457F1 /* ImageView.xib */; };
		F7BD46F51121BD75005457F1 /* LocationView.xib in Resources */ = {isa = PBXBuildFile; fileRef = F7BD46D31121BD75005457F1 /* LocationView.xib */; };
		F7BD46F61121BD75005457F1 /* LoginView.xib in Resources */ = {isa = PBXBuildFile; fileRef = F7BD46D41121BD75005457F1 /* LoginView.xib */; };
		F7BD46F71121BD75005457F1 /* MainWindow.xib in Resources */ = {isa = PBXBuildFile; fileRef = F7BD46D51121BD75005457F1 /* MainWindow.xib */; };
		F7BD46F81121BD75005457F1 /* MapView.xib in Resources */ = {isa = PBXBuildFile; fileRef = F7BD46D61121BD75005457F1 /* MapView.xib */; };
		F7BD46F91121BD75005457F1 /* MetamorphicGradeView.xib in Resources */ = {isa = PBXBuildFile; fileRef = F7BD46D71121BD75005457F1 /* MetamorphicGradeView.xib */; };
		F7BD46FA1121BD75005457F1 /* MineralsView.xib in Resources */ = {isa = PBXBuildFile; fileRef = F7BD46D81121BD75005457F1 /* MineralsView.xib */; };
		F7BD46FB1121BD75005457F1 /* PublicStatusView.xib in Resources */ = {isa = PBXBuildFile; fileRef = F7BD46D91121BD75005457F1 /* PublicStatusView.xib */; };
		F7BD46FC1121BD75005457F1 /* RegionView.xib in Resources */ = {isa = PBXBuildFile; fileRef = F7BD46DA1121BD75005457F1 /* RegionView.xib */; };
		F7BD46FD1121BD75005457F1 /* RockTypeView.xib in Resources */ = {isa = PBXBuildFile; fileRef = F7BD46DB1121BD75005457F1 /* RockTypeView.xib */; };
		F7BD46FE1121BD75005457F1 /* SampleInfo.xib in Resources */ = {isa = PBXBuildFile; fileRef = F7BD46DC1121BD75005457F1 /* SampleInfo.xib */; };
		F7BD46FF1121BD75005457F1 /* MainView.xib in Resources */ = {isa = PBXBuildFile; fileRef = F7BD46DD1121BD75005457F1 /* MainView.xib */; };
		F7BD47001121BD75005457F1 /* SampleTableView.xib in Resources */ = {isa = PBXBuildFile; fileRef = F7BD46DE1121BD75005457F1 /* SampleTableView.xib */; };
		F7BD47011121BD75005457F1 /* SearchCriteriaSummary.xib in Resources */ = {isa = PBXBuildFile; fileRef = F7BD46DF1121BD75005457F1 /* SearchCriteriaSummary.xib */; };
		F7BD47021121BD75005457F1 /* SearchView.xib in Resources */ = {isa = PBXBuildFile; fileRef = F7BD46E01121BD75005457F1 /* SearchView.xib */; };
		F7BD47031121BD75005457F1 /* SingleImageView.xib in Resources */ = {isa = PBXBuildFile; fileRef = F7BD46E11121BD75005457F1 /* SingleImageView.xib */; };
		F7BD47041121BD75005457F1 /* TableView.xib in Resources */ = {isa = PBXBuildFile; fileRef = F7BD46E21121BD75005457F1 /* TableView.xib */; };
		F7BD47051121BD75005457F1 /* dropMapView.xib in Resources */ = {isa = PBXBuildFile; fileRef = F7BD46E31121BD75005457F1 /* dropMapView.xib */; };
		F7BD47061121BD75005457F1 /* WelcomeView.xib in Resources */ = {isa = PBXBuildFile; fileRef = F7BD46E41121BD75005457F1 /* WelcomeView.xib */; };
		F7BD47071121BD75005457F1 /* Default.png in Resources */ = {isa = PBXBuildFile; fileRef = F7BD46E51121BD75005457F1 /* Default.png */; };
		F7BD47081121BD75005457F1 /* MetPetDB-Info.plist in Resources */ = {isa = PBXBuildFile; fileRef = F7BD46E61121BD75005457F1 /* MetPetDB-Info.plist */; };
		F7BD47091121BD75005457F1 /* Localizable.strings in Resources */ = {isa = PBXBuildFile; fileRef = F7BD46E71121BD75005457F1 /* Localizable.strings */; };
		F7BD470B1121BD9C005457F1 /* MetPetDB.app in Resources */ = {isa = PBXBuildFile; fileRef = F7BD470A1121BD9C005457F1 /* MetPetDB.app */; };
		F7BD478B1121BFAE005457F1 /* MyCLController.m in Sources */ = {isa = PBXBuildFile; fileRef = F7BD478A1121BFAE005457F1 /* MyCLController.m */; };
		F7C1F7E40FCFFF89005AB0D5 /* CoreGraphics.framework in Frameworks */ = {isa = PBXBuildFile; fileRef = F7C1F7E30FCFFF89005AB0D5 /* CoreGraphics.framework */; };
		F7CB9D330FC82C8A0072DCE5 /* WebKit.framework in Frameworks */ = {isa = PBXBuildFile; fileRef = F7CB9D320FC82C8A0072DCE5 /* WebKit.framework */; };
		F7F606A20FC1F5D500CF0CEF /* UIKit.framework in Frameworks */ = {isa = PBXBuildFile; fileRef = F7F606A10FC1F5D500CF0CEF /* UIKit.framework */; };
/* End PBXBuildFile section */

/* Begin PBXFileReference section */
		8937D4470DF0E8EF001AA23D /* ReadMe.txt */ = {isa = PBXFileReference; fileEncoding = 4; lastKnownFileType = text; path = ReadMe.txt; sourceTree = "<group>"; usesTabs = 0; wrapsLines = 1; };
		F731299F10188FDF0049CD99 /* Security.framework */ = {isa = PBXFileReference; lastKnownFileType = wrapper.framework; name = Security.framework; path = System/Library/Frameworks/Security.framework; sourceTree = SDKROOT; };
		F769E9430FC42BB700630D69 /* CoreLocation.framework */ = {isa = PBXFileReference; lastKnownFileType = wrapper.framework; name = CoreLocation.framework; path = System/Library/Frameworks/CoreLocation.framework; sourceTree = SDKROOT; };
		F789F60E0FB387B00062AC0F /* CoreFoundation.framework */ = {isa = PBXFileReference; lastKnownFileType = wrapper.framework; name = CoreFoundation.framework; path = /System/Library/Frameworks/CoreFoundation.framework; sourceTree = "<absolute>"; };
		F79193250FC43777003BC117 /* MapKit.framework */ = {isa = PBXFileReference; lastKnownFileType = wrapper.framework; name = MapKit.framework; path = System/Library/Frameworks/MapKit.framework; sourceTree = SDKROOT; };
		F7AADFBB0FC1EF9500BDCDAB /* Foundation.framework */ = {isa = PBXFileReference; lastKnownFileType = wrapper.framework; name = Foundation.framework; path = /System/Library/Frameworks/Foundation.framework; sourceTree = "<absolute>"; };
		F7AADFC40FC1EFE100BDCDAB /* CoreData.framework */ = {isa = PBXFileReference; lastKnownFileType = wrapper.framework; name = CoreData.framework; path = /System/Library/Frameworks/CoreData.framework; sourceTree = "<absolute>"; };
		F7BD46601121BCDA005457F1 /* MainViewController.h */ = {isa = PBXFileReference; fileEncoding = 4; lastKnownFileType = sourcecode.c.h; name = MainViewController.h; path = ../../../../MetPetDB/Classes/MainViewController.h; sourceTree = SOURCE_ROOT; };
		F7BD46611121BCDA005457F1 /* MainViewController.m */ = {isa = PBXFileReference; fileEncoding = 4; lastKnownFileType = sourcecode.c.objc; name = MainViewController.m; path = ../../../../MetPetDB/Classes/MainViewController.m; sourceTree = SOURCE_ROOT; };
		F7BD46621121BCDA005457F1 /* WelcomeViewController.h */ = {isa = PBXFileReference; fileEncoding = 4; lastKnownFileType = sourcecode.c.h; name = WelcomeViewController.h; path = ../../../../MetPetDB/WelcomeViewController.h; sourceTree = SOURCE_ROOT; };
		F7BD46631121BCDA005457F1 /* WelcomeViewController.m */ = {isa = PBXFileReference; fileEncoding = 4; lastKnownFileType = sourcecode.c.objc; name = WelcomeViewController.m; path = ../../../../MetPetDB/WelcomeViewController.m; sourceTree = SOURCE_ROOT; };
		F7BD46641121BCDA005457F1 /* RadiusController.h */ = {isa = PBXFileReference; fileEncoding = 4; lastKnownFileType = sourcecode.c.h; name = RadiusController.h; path = ../../../../MetPetDB/Classes/RadiusController.h; sourceTree = SOURCE_ROOT; };
		F7BD46651121BCDA005457F1 /* RadiusController.m */ = {isa = PBXFileReference; fileEncoding = 4; lastKnownFileType = sourcecode.c.objc; name = RadiusController.m; path = ../../../../MetPetDB/Classes/RadiusController.m; sourceTree = SOURCE_ROOT; };
		F7BD46661121BCDA005457F1 /* CoordInputController.h */ = {isa = PBXFileReference; fileEncoding = 4; lastKnownFileType = sourcecode.c.h; name = CoordInputController.h; path = ../../../../MetPetDB/Classes/CoordInputController.h; sourceTree = SOURCE_ROOT; };
		F7BD46671121BCDA005457F1 /* CoordInputController.m */ = {isa = PBXFileReference; fileEncoding = 4; lastKnownFileType = sourcecode.c.objc; name = CoordInputController.m; path = ../../../../MetPetDB/Classes/CoordInputController.m; sourceTree = SOURCE_ROOT; };
		F7BD46681121BCDA005457F1 /* DropMapViewController.h */ = {isa = PBXFileReference; fileEncoding = 4; lastKnownFileType = sourcecode.c.h; name = DropMapViewController.h; path = ../../../../MetPetDB/DropMapViewController.h; sourceTree = SOURCE_ROOT; };
		F7BD46691121BCDA005457F1 /* DropMapViewController.m */ = {isa = PBXFileReference; fileEncoding = 4; lastKnownFileType = sourcecode.c.objc; name = DropMapViewController.m; path = ../../../../MetPetDB/DropMapViewController.m; sourceTree = SOURCE_ROOT; };
		F7BD466A1121BCDA005457F1 /* DDAnnotationView.h */ = {isa = PBXFileReference; fileEncoding = 4; lastKnownFileType = sourcecode.c.h; name = DDAnnotationView.h; path = ../../../../MetPetDB/DDAnnotationView.h; sourceTree = SOURCE_ROOT; };
		F7BD466B1121BCDA005457F1 /* DDAnnotationView.m */ = {isa = PBXFileReference; fileEncoding = 4; lastKnownFileType = sourcecode.c.objc; name = DDAnnotationView.m; path = ../../../../MetPetDB/DDAnnotationView.m; sourceTree = SOURCE_ROOT; };
		F7BD466C1121BCDA005457F1 /* DDAnnotation.h */ = {isa = PBXFileReference; fileEncoding = 4; lastKnownFileType = sourcecode.c.h; name = DDAnnotation.h; path = ../../../MetPetDB/Classes/DDAnnotation.h; sourceTree = SOURCE_ROOT; };
		F7BD466D1121BCDA005457F1 /* DDAnnotation.m */ = {isa = PBXFileReference; fileEncoding = 4; lastKnownFileType = sourcecode.c.objc; name = DDAnnotation.m; path = ../../../../MetPetDB/DDAnnotation.m; sourceTree = SOURCE_ROOT; };
		F7BD466E1121BCDA005457F1 /* RegionViewController.h */ = {isa = PBXFileReference; fileEncoding = 4; lastKnownFileType = sourcecode.c.h; name = RegionViewController.h; path = ../../../../MetPetDB/RegionViewController.h; sourceTree = SOURCE_ROOT; };
		F7BD466F1121BCDA005457F1 /* RegionViewController.m */ = {isa = PBXFileReference; fileEncoding = 4; lastKnownFileType = sourcecode.c.objc; name = RegionViewController.m; path = ../../../../MetPetDB/RegionViewController.m; sourceTree = SOURCE_ROOT; };
		F7BD46701121BCDA005457F1 /* MapController.h */ = {isa = PBXFileReference; fileEncoding = 4; lastKnownFileType = sourcecode.c.h; name = MapController.h; path = ../../../../MetPetDB/Classes/MapController.h; sourceTree = SOURCE_ROOT; };
		F7BD46711121BCDA005457F1 /* MapController.m */ = {isa = PBXFileReference; fileEncoding = 4; lastKnownFileType = sourcecode.c.objc; name = MapController.m; path = ../../../../MetPetDB/Classes/MapController.m; sourceTree = SOURCE_ROOT; };
		F7BD46721121BCDA005457F1 /* MapTypeController.h */ = {isa = PBXFileReference; fileEncoding = 4; lastKnownFileType = sourcecode.c.h; name = MapTypeController.h; path = ../../../../MetPetDB/MapTypeController.h; sourceTree = SOURCE_ROOT; };
		F7BD46731121BCDA005457F1 /* MapTypeController.m */ = {isa = PBXFileReference; fileEncoding = 4; lastKnownFileType = sourcecode.c.objc; name = MapTypeController.m; path = ../../../../MetPetDB/MapTypeController.m; sourceTree = SOURCE_ROOT; };
		F7BD46741121BCDA005457F1 /* SampleTableController.h */ = {isa = PBXFileReference; fileEncoding = 4; lastKnownFileType = sourcecode.c.h; name = SampleTableController.h; path = ../../../../MetPetDB/Classes/SampleTableController.h; sourceTree = SOURCE_ROOT; };
		F7BD46751121BCDA005457F1 /* SampleTableController.m */ = {isa = PBXFileReference; fileEncoding = 4; lastKnownFileType = sourcecode.c.objc; name = SampleTableController.m; path = ../../../../MetPetDB/Classes/SampleTableController.m; sourceTree = SOURCE_ROOT; };
		F7BD46761121BCDA005457F1 /* SampleInfoController.h */ = {isa = PBXFileReference; fileEncoding = 4; lastKnownFileType = sourcecode.c.h; name = SampleInfoController.h; path = ../../../../MetPetDB/Classes/SampleInfoController.h; sourceTree = SOURCE_ROOT; };
		F7BD46771121BCDA005457F1 /* SampleInfoController.m */ = {isa = PBXFileReference; fileEncoding = 4; lastKnownFileType = sourcecode.c.objc; name = SampleInfoController.m; path = ../../../../MetPetDB/Classes/SampleInfoController.m; sourceTree = SOURCE_ROOT; };
		F7BD46781121BCDA005457F1 /* AnalysisSummary.h */ = {isa = PBXFileReference; fileEncoding = 4; lastKnownFileType = sourcecode.c.h; name = AnalysisSummary.h; path = ../../../../MetPetDB/Classes/AnalysisSummary.h; sourceTree = SOURCE_ROOT; };
		F7BD46791121BCDA005457F1 /* AnalysisSummary.m */ = {isa = PBXFileReference; fileEncoding = 4; lastKnownFileType = sourcecode.c.objc; name = AnalysisSummary.m; path = ../../../../MetPetDB/Classes/AnalysisSummary.m; sourceTree = SOURCE_ROOT; };
		F7BD467A1121BCDA005457F1 /* CommentDisplayController.h */ = {isa = PBXFileReference; fileEncoding = 4; lastKnownFileType = sourcecode.c.h; name = CommentDisplayController.h; path = ../../../../MetPetDB/Classes/CommentDisplayController.h; sourceTree = SOURCE_ROOT; };
		F7BD467B1121BCDA005457F1 /* CommentDisplayController.m */ = {isa = PBXFileReference; fileEncoding = 4; lastKnownFileType = sourcecode.c.objc; name = CommentDisplayController.m; path = ../../../../MetPetDB/Classes/CommentDisplayController.m; sourceTree = SOURCE_ROOT; };
		F7BD467C1121BCDA005457F1 /* AddCommentController.h */ = {isa = PBXFileReference; fileEncoding = 4; lastKnownFileType = sourcecode.c.h; name = AddCommentController.h; path = ../../../../MetPetDB/Classes/AddCommentController.h; sourceTree = SOURCE_ROOT; };
		F7BD467D1121BCDA005457F1 /* AddCommentController.m */ = {isa = PBXFileReference; fileEncoding = 4; lastKnownFileType = sourcecode.c.objc; name = AddCommentController.m; path = ../../../../MetPetDB/Classes/AddCommentController.m; sourceTree = SOURCE_ROOT; };
		F7BD467E1121BCDA005457F1 /* SearchCriteriaController.h */ = {isa = PBXFileReference; fileEncoding = 4; lastKnownFileType = sourcecode.c.h; name = SearchCriteriaController.h; path = ../../../../MetPetDB/Classes/SearchCriteriaController.h; sourceTree = SOURCE_ROOT; };
		F7BD467F1121BCDA005457F1 /* SearchCriteriaController.m */ = {isa = PBXFileReference; fileEncoding = 4; lastKnownFileType = sourcecode.c.objc; name = SearchCriteriaController.m; path = ../../../../MetPetDB/Classes/SearchCriteriaController.m; sourceTree = SOURCE_ROOT; };
		F7BD46801121BCDA005457F1 /* TableController.h */ = {isa = PBXFileReference; fileEncoding = 4; lastKnownFileType = sourcecode.c.h; name = TableController.h; path = ../../../../MetPetDB/Classes/TableController.h; sourceTree = SOURCE_ROOT; };
		F7BD46811121BCDA005457F1 /* TableController.m */ = {isa = PBXFileReference; fileEncoding = 4; lastKnownFileType = sourcecode.c.objc; name = TableController.m; path = ../../../../MetPetDB/Classes/TableController.m; sourceTree = SOURCE_ROOT; };
		F7BD46821121BCDA005457F1 /* RockTypeController.h */ = {isa = PBXFileReference; fileEncoding = 4; lastKnownFileType = sourcecode.c.h; name = RockTypeController.h; path = ../../../../MetPetDB/Classes/RockTypeController.h; sourceTree = SOURCE_ROOT; };
		F7BD46831121BCDA005457F1 /* RockTypeController.m */ = {isa = PBXFileReference; fileEncoding = 4; lastKnownFileType = sourcecode.c.objc; name = RockTypeController.m; path = ../../../../MetPetDB/Classes/RockTypeController.m; sourceTree = SOURCE_ROOT; };
		F7BD46841121BCDA005457F1 /* MineralsController.h */ = {isa = PBXFileReference; fileEncoding = 4; lastKnownFileType = sourcecode.c.h; name = MineralsController.h; path = ../../../../MetPetDB/Classes/MineralsController.h; sourceTree = SOURCE_ROOT; };
		F7BD46851121BCDA005457F1 /* MineralsController.m */ = {isa = PBXFileReference; fileEncoding = 4; lastKnownFileType = sourcecode.c.objc; name = MineralsController.m; path = ../../../../MetPetDB/Classes/MineralsController.m; sourceTree = SOURCE_ROOT; };
		F7BD46861121BCDA005457F1 /* MetamorphicGradeController.h */ = {isa = PBXFileReference; fileEncoding = 4; lastKnownFileType = sourcecode.c.h; name = MetamorphicGradeController.h; path = ../../../../MetPetDB/Classes/MetamorphicGradeController.h; sourceTree = SOURCE_ROOT; };
		F7BD46871121BCDA005457F1 /* MetamorphicGradeController.m */ = {isa = PBXFileReference; fileEncoding = 4; lastKnownFileType = sourcecode.c.objc; name = MetamorphicGradeController.m; path = ../../../../MetPetDB/Classes/MetamorphicGradeController.m; sourceTree = SOURCE_ROOT; };
		F7BD46881121BCDA005457F1 /* OwnerViewController.h */ = {isa = PBXFileReference; fileEncoding = 4; lastKnownFileType = sourcecode.c.h; name = OwnerViewController.h; path = ../../../../MetPetDB/OwnerViewController.h; sourceTree = SOURCE_ROOT; };
		F7BD46891121BCDA005457F1 /* OwnerViewController.m */ = {isa = PBXFileReference; fileEncoding = 4; lastKnownFileType = sourcecode.c.objc; name = OwnerViewController.m; path = ../../../../MetPetDB/OwnerViewController.m; sourceTree = SOURCE_ROOT; };
		F7BD468A1121BCDA005457F1 /* ImageViewController.h */ = {isa = PBXFileReference; fileEncoding = 4; lastKnownFileType = sourcecode.c.h; name = ImageViewController.h; path = ../../../../MetPetDB/Classes/ImageViewController.h; sourceTree = SOURCE_ROOT; };
		F7BD468B1121BCDA005457F1 /* ImageViewController.m */ = {isa = PBXFileReference; fileEncoding = 4; lastKnownFileType = sourcecode.c.objc; name = ImageViewController.m; path = ../../../../MetPetDB/Classes/ImageViewController.m; sourceTree = SOURCE_ROOT; };
		F7BD468C1121BCDA005457F1 /* SingleImageView.h */ = {isa = PBXFileReference; fileEncoding = 4; lastKnownFileType = sourcecode.c.h; name = SingleImageView.h; path = ../../../../MetPetDB/Classes/SingleImageView.h; sourceTree = SOURCE_ROOT; };
		F7BD468D1121BCDA005457F1 /* SingleImageView.m */ = {isa = PBXFileReference; fileEncoding = 4; lastKnownFileType = sourcecode.c.objc; name = SingleImageView.m; path = ../../../../MetPetDB/Classes/SingleImageView.m; sourceTree = SOURCE_ROOT; };
		F7BD468E1121BCDA005457F1 /* AnnotationObjects.h */ = {isa = PBXFileReference; fileEncoding = 4; lastKnownFileType = sourcecode.c.h; name = AnnotationObjects.h; path = ../../../../MetPetDB/Classes/AnnotationObjects.h; sourceTree = SOURCE_ROOT; };
		F7BD468F1121BCDA005457F1 /* AnnotationObjects.m */ = {isa = PBXFileReference; fileEncoding = 4; lastKnownFileType = sourcecode.c.objc; name = AnnotationObjects.m; path = ../../../../MetPetDB/Classes/AnnotationObjects.m; sourceTree = SOURCE_ROOT; };
		F7BD46901121BCDA005457F1 /* LoginViewController.h */ = {isa = PBXFileReference; fileEncoding = 4; lastKnownFileType = sourcecode.c.h; name = LoginViewController.h; path = ../../../../MetPetDB/Classes/LoginViewController.h; sourceTree = SOURCE_ROOT; };
		F7BD46911121BCDA005457F1 /* LoginViewController.m */ = {isa = PBXFileReference; fileEncoding = 4; lastKnownFileType = sourcecode.c.objc; name = LoginViewController.m; path = ../../../../MetPetDB/Classes/LoginViewController.m; sourceTree = SOURCE_ROOT; };
		F7BD46921121BCDA005457F1 /* uniqueSamples.h */ = {isa = PBXFileReference; fileEncoding = 4; lastKnownFileType = sourcecode.c.h; name = uniqueSamples.h; path = ../../../../MetPetDB/Classes/uniqueSamples.h; sourceTree = SOURCE_ROOT; };
		F7BD46931121BCDA005457F1 /* uniqueSamples.m */ = {isa = PBXFileReference; fileEncoding = 4; lastKnownFileType = sourcecode.c.objc; name = uniqueSamples.m; path = ../../../../MetPetDB/Classes/uniqueSamples.m; sourceTree = SOURCE_ROOT; };
		F7BD46941121BCDA005457F1 /* InfoViewController.h */ = {isa = PBXFileReference; fileEncoding = 4; lastKnownFileType = sourcecode.c.h; name = InfoViewController.h; path = ../../../../MetPetDB/InfoViewController.h; sourceTree = SOURCE_ROOT; };
		F7BD46951121BCDA005457F1 /* InfoViewController.m */ = {isa = PBXFileReference; fileEncoding = 4; lastKnownFileType = sourcecode.c.objc; name = InfoViewController.m; path = ../../../../MetPetDB/InfoViewController.m; sourceTree = SOURCE_ROOT; };
		F7BD46961121BCDA005457F1 /* SecurityController.h */ = {isa = PBXFileReference; fileEncoding = 4; lastKnownFileType = sourcecode.c.h; name = SecurityController.h; path = ../../../../MetPetDB/SecurityController.h; sourceTree = SOURCE_ROOT; };
		F7BD46971121BCDA005457F1 /* SecurityController.m */ = {isa = PBXFileReference; fileEncoding = 4; lastKnownFileType = sourcecode.c.objc; name = SecurityController.m; path = ../../../../MetPetDB/SecurityController.m; sourceTree = SOURCE_ROOT; };
		F7BD46981121BCDA005457F1 /* xmlParser.h */ = {isa = PBXFileReference; fileEncoding = 4; lastKnownFileType = sourcecode.c.h; name = xmlParser.h; path = ../../../../MetPetDB/xmlParser.h; sourceTree = SOURCE_ROOT; };
		F7BD46991121BCDA005457F1 /* xmlParser.m */ = {isa = PBXFileReference; fileEncoding = 4; lastKnownFileType = sourcecode.c.objc; name = xmlParser.m; path = ../../../../MetPetDB/xmlParser.m; sourceTree = SOURCE_ROOT; };
		F7BD469A1121BCDA005457F1 /* CriteriaSummary.h */ = {isa = PBXFileReference; fileEncoding = 4; lastKnownFileType = sourcecode.c.h; name = CriteriaSummary.h; path = ../../../../MetPetDB/CriteriaSummary.h; sourceTree = SOURCE_ROOT; };
		F7BD469B1121BCDA005457F1 /* CriteriaSummary.m */ = {isa = PBXFileReference; fileEncoding = 4; lastKnownFileType = sourcecode.c.objc; name = CriteriaSummary.m; path = ../../../../MetPetDB/CriteriaSummary.m; sourceTree = SOURCE_ROOT; };
		F7BD469C1121BCDA005457F1 /* MetPetDBAppDelegate.h */ = {isa = PBXFileReference; fileEncoding = 4; lastKnownFileType = sourcecode.c.h; name = MetPetDBAppDelegate.h; path = ../../../MetPetDB/Classes/MetPetDBAppDelegate.h; sourceTree = SOURCE_ROOT; };
		F7BD469D1121BCDA005457F1 /* MetPetDBAppDelegate.m */ = {isa = PBXFileReference; fileEncoding = 4; lastKnownFileType = sourcecode.c.objc; name = MetPetDBAppDelegate.m; path = ../../../MetPetDB/Classes/MetPetDBAppDelegate.m; sourceTree = SOURCE_ROOT; };
		F7BD46BF1121BCFE005457F1 /* LocationControllerMain.h */ = {isa = PBXFileReference; fileEncoding = 4; lastKnownFileType = sourcecode.c.h; name = LocationControllerMain.h; path = ../../../../MetPetDB/LocationControllerMain.h; sourceTree = SOURCE_ROOT; };
		F7BD46C01121BCFE005457F1 /* LocationControllerMain.m */ = {isa = PBXFileReference; fileEncoding = 4; lastKnownFileType = sourcecode.c.objc; name = LocationControllerMain.m; path = ../../../../MetPetDB/LocationControllerMain.m; sourceTree = SOURCE_ROOT; };
		F7BD46C31121BD53005457F1 /* MetPetDB_Prefix.pch */ = {isa = PBXFileReference; fileEncoding = 4; lastKnownFileType = sourcecode.c.h; name = MetPetDB_Prefix.pch; path = ../../../../MetPetDB/MetPetDB_Prefix.pch; sourceTree = SOURCE_ROOT; };
		F7BD46C41121BD53005457F1 /* main.m */ = {isa = PBXFileReference; fileEncoding = 4; lastKnownFileType = sourcecode.c.objc; name = main.m; path = ../../../../MetPetDB/Classes/main.m; sourceTree = SOURCE_ROOT; };
		F7BD46C61121BD74005457F1 /* CoordinateInputView.xib */ = {isa = PBXFileReference; lastKnownFileType = file.xib; name = CoordinateInputView.xib; path = "../../../../MetPetDB/IB Files/CoordinateInputView.xib"; sourceTree = SOURCE_ROOT; };
		F7BD46C71121BD74005457F1 /* dropMapView.xib */ = {isa = PBXFileReference; lastKnownFileType = file.xib; name = dropMapView.xib; path = "../../../../MetPetDB/IB Files/dropMapView.xib"; sourceTree = SOURCE_ROOT; };
		F7BD46C81121BD74005457F1 /* ResetView.xib */ = {isa = PBXFileReference; lastKnownFileType = file.xib; name = ResetView.xib; path = "../../../../MetPetDB/IB Files/ResetView.xib"; sourceTree = SOURCE_ROOT; };
		F7BD46C91121BD74005457F1 /* InfoView.xib */ = {isa = PBXFileReference; lastKnownFileType = file.xib; name = InfoView.xib; path = "../../../../MetPetDB/IB Files/InfoView.xib"; sourceTree = SOURCE_ROOT; };
		F7BD46CA1121BD74005457F1 /* iTunesArtwork.jpg */ = {isa = PBXFileReference; lastKnownFileType = image.jpeg; name = iTunesArtwork.jpg; path = ../../../../MetPetDB/iTunesArtwork.jpg; sourceTree = SOURCE_ROOT; };
		F7BD46CB1121BD74005457F1 /* OwnerView.xib */ = {isa = PBXFileReference; lastKnownFileType = file.xib; name = OwnerView.xib; path = "../../../../MetPetDB/IB Files/OwnerView.xib"; sourceTree = SOURCE_ROOT; };
		F7BD46CC1121BD74005457F1 /* Icon.png */ = {isa = PBXFileReference; lastKnownFileType = image.png; name = Icon.png; path = ../../../../MetPetDB/Icon.png; sourceTree = SOURCE_ROOT; };
		F7BD46CD1121BD75005457F1 /* iTunesArtwork */ = {isa = PBXFileReference; lastKnownFileType = file; name = iTunesArtwork; path = ../../../../MetPetDB/iTunesArtwork; sourceTree = SOURCE_ROOT; };
		F7BD46CE1121BD75005457F1 /* MapTypeView.xib */ = {isa = PBXFileReference; lastKnownFileType = file.xib; name = MapTypeView.xib; path = "../../../../MetPetDB/IB Files/MapTypeView.xib"; sourceTree = SOURCE_ROOT; };
		F7BD46CF1121BD75005457F1 /* AddComment.xib */ = {isa = PBXFileReference; lastKnownFileType = file.xib; name = AddComment.xib; path = "../../../../MetPetDB/IB Files/AddComment.xib"; sourceTree = SOURCE_ROOT; };
		F7BD46D01121BD75005457F1 /* ChemicalAnalysis.xib */ = {isa = PBXFileReference; lastKnownFileType = file.xib; name = ChemicalAnalysis.xib; path = "../../../../MetPetDB/IB Files/ChemicalAnalysis.xib"; sourceTree = SOURCE_ROOT; };
		F7BD46D11121BD75005457F1 /* CommentDisplay.xib */ = {isa = PBXFileReference; lastKnownFileType = file.xib; name = CommentDisplay.xib; path = "../../../../MetPetDB/IB Files/CommentDisplay.xib"; sourceTree = SOURCE_ROOT; };
		F7BD46D21121BD75005457F1 /* ImageView.xib */ = {isa = PBXFileReference; lastKnownFileType = file.xib; name = ImageView.xib; path = "../../../../MetPetDB/IB Files/ImageView.xib"; sourceTree = SOURCE_ROOT; };
		F7BD46D31121BD75005457F1 /* LocationView.xib */ = {isa = PBXFileReference; lastKnownFileType = file.xib; name = LocationView.xib; path = "../../../../MetPetDB/IB Files/LocationView.xib"; sourceTree = SOURCE_ROOT; };
		F7BD46D41121BD75005457F1 /* LoginView.xib */ = {isa = PBXFileReference; lastKnownFileType = file.xib; name = LoginView.xib; path = "../../../../MetPetDB/IB Files/LoginView.xib"; sourceTree = SOURCE_ROOT; };
		F7BD46D51121BD75005457F1 /* MainWindow.xib */ = {isa = PBXFileReference; lastKnownFileType = file.xib; name = MainWindow.xib; path = "../../../../MetPetDB/IB Files/MainWindow.xib"; sourceTree = SOURCE_ROOT; };
		F7BD46D61121BD75005457F1 /* MapView.xib */ = {isa = PBXFileReference; lastKnownFileType = file.xib; name = MapView.xib; path = "../../../../MetPetDB/IB Files/MapView.xib"; sourceTree = SOURCE_ROOT; };
		F7BD46D71121BD75005457F1 /* MetamorphicGradeView.xib */ = {isa = PBXFileReference; lastKnownFileType = file.xib; name = MetamorphicGradeView.xib; path = "../../../../MetPetDB/IB Files/MetamorphicGradeView.xib"; sourceTree = SOURCE_ROOT; };
		F7BD46D81121BD75005457F1 /* MineralsView.xib */ = {isa = PBXFileReference; lastKnownFileType = file.xib; name = MineralsView.xib; path = "../../../../MetPetDB/IB Files/MineralsView.xib"; sourceTree = SOURCE_ROOT; };
		F7BD46D91121BD75005457F1 /* PublicStatusView.xib */ = {isa = PBXFileReference; lastKnownFileType = file.xib; name = PublicStatusView.xib; path = "../../../../MetPetDB/IB Files/PublicStatusView.xib"; sourceTree = SOURCE_ROOT; };
		F7BD46DA1121BD75005457F1 /* RegionView.xib */ = {isa = PBXFileReference; lastKnownFileType = file.xib; name = RegionView.xib; path = "../../../../MetPetDB/IB Files/RegionView.xib"; sourceTree = SOURCE_ROOT; };
		F7BD46DB1121BD75005457F1 /* RockTypeView.xib */ = {isa = PBXFileReference; lastKnownFileType = file.xib; name = RockTypeView.xib; path = "../../../../MetPetDB/IB Files/RockTypeView.xib"; sourceTree = SOURCE_ROOT; };
		F7BD46DC1121BD75005457F1 /* SampleInfo.xib */ = {isa = PBXFileReference; lastKnownFileType = file.xib; name = SampleInfo.xib; path = "../../../../MetPetDB/IB Files/SampleInfo.xib"; sourceTree = SOURCE_ROOT; };
		F7BD46DD1121BD75005457F1 /* MainView.xib */ = {isa = PBXFileReference; lastKnownFileType = file.xib; name = MainView.xib; path = "../../../../../11:11:09/mpdb-iphone/IB Files/MainView.xib"; sourceTree = SOURCE_ROOT; };
		F7BD46DE1121BD75005457F1 /* SampleTableView.xib */ = {isa = PBXFileReference; lastKnownFileType = file.xib; name = SampleTableView.xib; path = "../../../../MetPetDB/IB Files/SampleTableView.xib"; sourceTree = SOURCE_ROOT; };
		F7BD46DF1121BD75005457F1 /* SearchCriteriaSummary.xib */ = {isa = PBXFileReference; lastKnownFileType = file.xib; name = SearchCriteriaSummary.xib; path = "../../../../MetPetDB/IB Files/SearchCriteriaSummary.xib"; sourceTree = SOURCE_ROOT; };
		F7BD46E01121BD75005457F1 /* SearchView.xib */ = {isa = PBXFileReference; lastKnownFileType = file.xib; name = SearchView.xib; path = "../../../../MetPetDB/IB Files/SearchView.xib"; sourceTree = SOURCE_ROOT; };
		F7BD46E11121BD75005457F1 /* SingleImageView.xib */ = {isa = PBXFileReference; lastKnownFileType = file.xib; name = SingleImageView.xib; path = "../../../../MetPetDB/IB Files/SingleImageView.xib"; sourceTree = SOURCE_ROOT; };
		F7BD46E21121BD75005457F1 /* TableView.xib */ = {isa = PBXFileReference; lastKnownFileType = file.xib; name = TableView.xib; path = "../../../../MetPetDB/IB Files/TableView.xib"; sourceTree = SOURCE_ROOT; };
		F7BD46E31121BD75005457F1 /* dropMapView.xib */ = {isa = PBXFileReference; lastKnownFileType = file.xib; name = dropMapView.xib; path = "../../../../MetPetDB/IB Files/dropMapView.xib"; sourceTree = SOURCE_ROOT; };
		F7BD46E41121BD75005457F1 /* WelcomeView.xib */ = {isa = PBXFileReference; lastKnownFileType = file.xib; name = WelcomeView.xib; path = "../../../../MetPetDB/IB Files/WelcomeView.xib"; sourceTree = SOURCE_ROOT; };
		F7BD46E51121BD75005457F1 /* Default.png */ = {isa = PBXFileReference; lastKnownFileType = image.png; name = Default.png; path = ../../../../MetPetDB/Default.png; sourceTree = SOURCE_ROOT; };
		F7BD46E61121BD75005457F1 /* MetPetDB-Info.plist */ = {isa = PBXFileReference; fileEncoding = 4; lastKnownFileType = text.plist.xml; name = "MetPetDB-Info.plist"; path = "../../../../MetPetDB/MetPetDB-Info.plist"; sourceTree = SOURCE_ROOT; };
		F7BD46E71121BD75005457F1 /* Localizable.strings */ = {isa = PBXFileReference; fileEncoding = 4; lastKnownFileType = text.plist.strings; name = Localizable.strings; path = ../../../../MetPetDB/Localizable.strings; sourceTree = SOURCE_ROOT; };
		F7BD470A1121BD9C005457F1 /* MetPetDB.app */ = {isa = PBXFileReference; lastKnownFileType = wrapper.application; name = MetPetDB.app; path = "../../../MetPetDB/build/Debug-iphonesimulator/MetPetDB.app"; sourceTree = SOURCE_ROOT; };
		F7BD47401121BE25005457F1 /* MetPetDB.app */ = {isa = PBXFileReference; explicitFileType = wrapper.application; includeInIndex = 0; path = MetPetDB.app; sourceTree = BUILT_PRODUCTS_DIR; };
		F7BD47891121BFAE005457F1 /* MyCLController.h */ = {isa = PBXFileReference; fileEncoding = 4; lastKnownFileType = sourcecode.c.h; name = MyCLController.h; path = ../../../MetPetDB/Classes/MyCLController.h; sourceTree = SOURCE_ROOT; };
		F7BD478A1121BFAE005457F1 /* MyCLController.m */ = {isa = PBXFileReference; fileEncoding = 4; lastKnownFileType = sourcecode.c.objc; name = MyCLController.m; path = ../../../MetPetDB/Classes/MyCLController.m; sourceTree = SOURCE_ROOT; };
		F7C1F7E30FCFFF89005AB0D5 /* CoreGraphics.framework */ = {isa = PBXFileReference; lastKnownFileType = wrapper.framework; name = CoreGraphics.framework; path = System/Library/Frameworks/CoreGraphics.framework; sourceTree = SDKROOT; };
		F7CB9D320FC82C8A0072DCE5 /* WebKit.framework */ = {isa = PBXFileReference; lastKnownFileType = wrapper.framework; name = WebKit.framework; path = System/Library/PrivateFrameworks/WebKit.framework; sourceTree = SDKROOT; };
		F7F606A10FC1F5D500CF0CEF /* UIKit.framework */ = {isa = PBXFileReference; lastKnownFileType = wrapper.framework; name = UIKit.framework; path = System/Library/Frameworks/UIKit.framework; sourceTree = SDKROOT; };
/* End PBXFileReference section */

/* Begin PBXFrameworksBuildPhase section */
		1D60588F0D05DD3D006BFB54 /* Frameworks */ = {
			isa = PBXFrameworksBuildPhase;
			buildActionMask = 2147483647;
			files = (
				F789F60F0FB387B00062AC0F /* CoreFoundation.framework in Frameworks */,
				F7AADFBC0FC1EF9500BDCDAB /* Foundation.framework in Frameworks */,
				F7AADFC50FC1EFE100BDCDAB /* CoreData.framework in Frameworks */,
				F7F606A20FC1F5D500CF0CEF /* UIKit.framework in Frameworks */,
				F769E9440FC42BB700630D69 /* CoreLocation.framework in Frameworks */,
				F79193260FC43777003BC117 /* MapKit.framework in Frameworks */,
				F7CB9D330FC82C8A0072DCE5 /* WebKit.framework in Frameworks */,
				F7C1F7E40FCFFF89005AB0D5 /* CoreGraphics.framework in Frameworks */,
				F73129A010188FDF0049CD99 /* Security.framework in Frameworks */,
			);
			runOnlyForDeploymentPostprocessing = 0;
		};
/* End PBXFrameworksBuildPhase section */

/* Begin PBXGroup section */
		080E96DDFE201D6D7F000001 /* Application Controllers */ = {
			isa = PBXGroup;
			children = (
				F7BD469C1121BCDA005457F1 /* MetPetDBAppDelegate.h */,
				F7BD469D1121BCDA005457F1 /* MetPetDBAppDelegate.m */,
			);
			name = "Application Controllers";
			path = Classes;
			sourceTree = "<group>";
		};
		19C28FACFE9D520D11CA2CBB /* Products */ = {
			isa = PBXGroup;
			children = (
				F7BD470A1121BD9C005457F1 /* MetPetDB.app */,
				F7BD47401121BE25005457F1 /* MetPetDB.app */,
			);
			name = Products;
			sourceTree = "<group>";
		};
		289233A00DB2D0730083E9F9 /* classes */ = {
			isa = PBXGroup;
			children = (
				F7BD46601121BCDA005457F1 /* MainViewController.h */,
				F7BD46611121BCDA005457F1 /* MainViewController.m */,
				F7BD46621121BCDA005457F1 /* WelcomeViewController.h */,
				F7BD46631121BCDA005457F1 /* WelcomeViewController.m */,
				F7BD46641121BCDA005457F1 /* RadiusController.h */,
				F7BD46651121BCDA005457F1 /* RadiusController.m */,
				F7BD46661121BCDA005457F1 /* CoordInputController.h */,
				F7BD46671121BCDA005457F1 /* CoordInputController.m */,
				F7BD46681121BCDA005457F1 /* DropMapViewController.h */,
				F7BD46691121BCDA005457F1 /* DropMapViewController.m */,
				F7BD466A1121BCDA005457F1 /* DDAnnotationView.h */,
				F7BD466B1121BCDA005457F1 /* DDAnnotationView.m */,
				F7BD466C1121BCDA005457F1 /* DDAnnotation.h */,
				F7BD466D1121BCDA005457F1 /* DDAnnotation.m */,
				F7BD466E1121BCDA005457F1 /* RegionViewController.h */,
				F7BD466F1121BCDA005457F1 /* RegionViewController.m */,
				F7BD46701121BCDA005457F1 /* MapController.h */,
				F7BD46711121BCDA005457F1 /* MapController.m */,
				F7BD46721121BCDA005457F1 /* MapTypeController.h */,
				F7BD46731121BCDA005457F1 /* MapTypeController.m */,
				F7BD46741121BCDA005457F1 /* SampleTableController.h */,
				F7BD46751121BCDA005457F1 /* SampleTableController.m */,
				F7BD46761121BCDA005457F1 /* SampleInfoController.h */,
				F7BD46771121BCDA005457F1 /* SampleInfoController.m */,
				F7BD46781121BCDA005457F1 /* AnalysisSummary.h */,
				F7BD46791121BCDA005457F1 /* AnalysisSummary.m */,
				F7BD467A1121BCDA005457F1 /* CommentDisplayController.h */,
				F7BD467B1121BCDA005457F1 /* CommentDisplayController.m */,
				F7BD467C1121BCDA005457F1 /* AddCommentController.h */,
				F7BD467D1121BCDA005457F1 /* AddCommentController.m */,
				F7BD467E1121BCDA005457F1 /* SearchCriteriaController.h */,
				F7BD467F1121BCDA005457F1 /* SearchCriteriaController.m */,
				F7BD46801121BCDA005457F1 /* TableController.h */,
				F7BD46811121BCDA005457F1 /* TableController.m */,
				F7BD46821121BCDA005457F1 /* RockTypeController.h */,
				F7BD46831121BCDA005457F1 /* RockTypeController.m */,
				F7BD46841121BCDA005457F1 /* MineralsController.h */,
				F7BD46851121BCDA005457F1 /* MineralsController.m */,
				F7BD46861121BCDA005457F1 /* MetamorphicGradeController.h */,
				F7BD46871121BCDA005457F1 /* MetamorphicGradeController.m */,
				F7BD46881121BCDA005457F1 /* OwnerViewController.h */,
				F7BD46891121BCDA005457F1 /* OwnerViewController.m */,
				F7BD468A1121BCDA005457F1 /* ImageViewController.h */,
				F7BD468B1121BCDA005457F1 /* ImageViewController.m */,
				F7BD468C1121BCDA005457F1 /* SingleImageView.h */,
				F7BD468D1121BCDA005457F1 /* SingleImageView.m */,
				F7BD468E1121BCDA005457F1 /* AnnotationObjects.h */,
				F7BD468F1121BCDA005457F1 /* AnnotationObjects.m */,
				F7BD46901121BCDA005457F1 /* LoginViewController.h */,
				F7BD46911121BCDA005457F1 /* LoginViewController.m */,
				F7BD46921121BCDA005457F1 /* uniqueSamples.h */,
				F7BD46931121BCDA005457F1 /* uniqueSamples.m */,
				F7BD46941121BCDA005457F1 /* InfoViewController.h */,
				F7BD46951121BCDA005457F1 /* InfoViewController.m */,
				F7BD46961121BCDA005457F1 /* SecurityController.h */,
				F7BD46971121BCDA005457F1 /* SecurityController.m */,
				F7BD46981121BCDA005457F1 /* xmlParser.h */,
				F7BD46991121BCDA005457F1 /* xmlParser.m */,
				F7BD469A1121BCDA005457F1 /* CriteriaSummary.h */,
				F7BD469B1121BCDA005457F1 /* CriteriaSummary.m */,
			);
			name = classes;
			sourceTree = "<group>";
		};
		29B97314FDCFA39411CA2CEA /* CustomTemplate */ = {
			isa = PBXGroup;
			children = (
				8937D4470DF0E8EF001AA23D /* ReadMe.txt */,
				289233A00DB2D0730083E9F9 /* classes */,
				080E96DDFE201D6D7F000001 /* Application Controllers */,
				89172B410DEF5E1E0031F4F9 /* CoreLocation Delegate */,
				29B97315FDCFA39411CA2CEA /* Other Sources */,
				29B97317FDCFA39411CA2CEA /* Resources */,
				29B97323FDCFA39411CA2CEA /* Frameworks */,
				19C28FACFE9D520D11CA2CBB /* Products */,
			);
			name = CustomTemplate;
			sourceTree = "<group>";
		};
		29B97315FDCFA39411CA2CEA /* Other Sources */ = {
			isa = PBXGroup;
			children = (
				F7BD46C31121BD53005457F1 /* MetPetDB_Prefix.pch */,
				F7BD46C41121BD53005457F1 /* main.m */,
			);
			name = "Other Sources";
			sourceTree = "<group>";
		};
		29B97317FDCFA39411CA2CEA /* Resources */ = {
			isa = PBXGroup;
			children = (
				F7BD46C61121BD74005457F1 /* CoordinateInputView.xib */,
				F7BD46C71121BD74005457F1 /* dropMapView.xib */,
				F7BD46C81121BD74005457F1 /* ResetView.xib */,
				F7BD46C91121BD74005457F1 /* InfoView.xib */,
				F7BD46CA1121BD74005457F1 /* iTunesArtwork.jpg */,
				F7BD46CB1121BD74005457F1 /* OwnerView.xib */,
				F7BD46CC1121BD74005457F1 /* Icon.png */,
				F7BD46CD1121BD75005457F1 /* iTunesArtwork */,
				F7BD46CE1121BD75005457F1 /* MapTypeView.xib */,
				F7BD46CF1121BD75005457F1 /* AddComment.xib */,
				F7BD46D01121BD75005457F1 /* ChemicalAnalysis.xib */,
				F7BD46D11121BD75005457F1 /* CommentDisplay.xib */,
				F7BD46D21121BD75005457F1 /* ImageView.xib */,
				F7BD46D31121BD75005457F1 /* LocationView.xib */,
				F7BD46D41121BD75005457F1 /* LoginView.xib */,
				F7BD46D51121BD75005457F1 /* MainWindow.xib */,
				F7BD46D61121BD75005457F1 /* MapView.xib */,
				F7BD46D71121BD75005457F1 /* MetamorphicGradeView.xib */,
				F7BD46D81121BD75005457F1 /* MineralsView.xib */,
				F7BD46D91121BD75005457F1 /* PublicStatusView.xib */,
				F7BD46DA1121BD75005457F1 /* RegionView.xib */,
				F7BD46DB1121BD75005457F1 /* RockTypeView.xib */,
				F7BD46DC1121BD75005457F1 /* SampleInfo.xib */,
				F7BD46DD1121BD75005457F1 /* MainView.xib */,
				F7BD46DE1121BD75005457F1 /* SampleTableView.xib */,
				F7BD46DF1121BD75005457F1 /* SearchCriteriaSummary.xib */,
				F7BD46E01121BD75005457F1 /* SearchView.xib */,
				F7BD46E11121BD75005457F1 /* SingleImageView.xib */,
				F7BD46E21121BD75005457F1 /* TableView.xib */,
				F7BD46E31121BD75005457F1 /* dropMapView.xib */,
				F7BD46E41121BD75005457F1 /* WelcomeView.xib */,
				F7BD46E51121BD75005457F1 /* Default.png */,
				F7BD46E61121BD75005457F1 /* MetPetDB-Info.plist */,
				F7BD46E71121BD75005457F1 /* Localizable.strings */,
			);
			name = Resources;
			sourceTree = "<group>";
		};
		29B97323FDCFA39411CA2CEA /* Frameworks */ = {
			isa = PBXGroup;
			children = (
				F731299F10188FDF0049CD99 /* Security.framework */,
				F7C1F7E30FCFFF89005AB0D5 /* CoreGraphics.framework */,
				F7CB9D320FC82C8A0072DCE5 /* WebKit.framework */,
				F79193250FC43777003BC117 /* MapKit.framework */,
				F769E9430FC42BB700630D69 /* CoreLocation.framework */,
				F7F606A10FC1F5D500CF0CEF /* UIKit.framework */,
				F7AADFC40FC1EFE100BDCDAB /* CoreData.framework */,
				F7AADFBB0FC1EF9500BDCDAB /* Foundation.framework */,
				F789F60E0FB387B00062AC0F /* CoreFoundation.framework */,
			);
			name = Frameworks;
			sourceTree = "<group>";
		};
		89172B410DEF5E1E0031F4F9 /* CoreLocation Delegate */ = {
			isa = PBXGroup;
			children = (
				F7BD47891121BFAE005457F1 /* MyCLController.h */,
				F7BD478A1121BFAE005457F1 /* MyCLController.m */,
				F7BD46BF1121BCFE005457F1 /* LocationControllerMain.h */,
				F7BD46C01121BCFE005457F1 /* LocationControllerMain.m */,
			);
			name = "CoreLocation Delegate";
			sourceTree = "<group>";
		};
/* End PBXGroup section */

/* Begin PBXNativeTarget section */
		1D6058900D05DD3D006BFB54 /* MetPetDB */ = {
			isa = PBXNativeTarget;
			buildConfigurationList = 1D6058960D05DD3E006BFB54 /* Build configuration list for PBXNativeTarget "MetPetDB" */;
			buildPhases = (
				1D60588D0D05DD3D006BFB54 /* Resources */,
				1D60588E0D05DD3D006BFB54 /* Sources */,
				1D60588F0D05DD3D006BFB54 /* Frameworks */,
			);
			buildRules = (
			);
			dependencies = (
			);
			name = MetPetDB;
			productName = LocateMe;
			productReference = F7BD47401121BE25005457F1 /* MetPetDB.app */;
			productType = "com.apple.product-type.application";
		};
/* End PBXNativeTarget section */

/* Begin PBXProject section */
		29B97313FDCFA39411CA2CEA /* Project object */ = {
			isa = PBXProject;
			buildConfigurationList = C01FCF4E08A954540054247B /* Build configuration list for PBXProject "MetPetDB" */;
			compatibilityVersion = "Xcode 3.1";
			hasScannedForEncodings = 1;
			knownRegions = (
				English,
				Japanese,
				French,
				German,
				en,
			);
			mainGroup = 29B97314FDCFA39411CA2CEA /* CustomTemplate */;
			projectDirPath = "";
			projectRoot = "";
			targets = (
				1D6058900D05DD3D006BFB54 /* MetPetDB */,
			);
		};
/* End PBXProject section */

/* Begin PBXResourcesBuildPhase section */
		1D60588D0D05DD3D006BFB54 /* Resources */ = {
			isa = PBXResourcesBuildPhase;
			buildActionMask = 2147483647;
			files = (
				F7BD46E81121BD75005457F1 /* CoordinateInputView.xib in Resources */,
				F7BD46E91121BD75005457F1 /* dropMapView.xib in Resources */,
				F7BD46EA1121BD75005457F1 /* ResetView.xib in Resources */,
				F7BD46EB1121BD75005457F1 /* InfoView.xib in Resources */,
				F7BD46EC1121BD75005457F1 /* iTunesArtwork.jpg in Resources */,
				F7BD46ED1121BD75005457F1 /* OwnerView.xib in Resources */,
				F7BD46EE1121BD75005457F1 /* Icon.png in Resources */,
				F7BD46EF1121BD75005457F1 /* iTunesArtwork in Resources */,
				F7BD46F01121BD75005457F1 /* MapTypeView.xib in Resources */,
				F7BD46F11121BD75005457F1 /* AddComment.xib in Resources */,
				F7BD46F21121BD75005457F1 /* ChemicalAnalysis.xib in Resources */,
				F7BD46F31121BD75005457F1 /* CommentDisplay.xib in Resources */,
				F7BD46F41121BD75005457F1 /* ImageView.xib in Resources */,
				F7BD46F51121BD75005457F1 /* LocationView.xib in Resources */,
				F7BD46F61121BD75005457F1 /* LoginView.xib in Resources */,
				F7BD46F71121BD75005457F1 /* MainWindow.xib in Resources */,
				F7BD46F81121BD75005457F1 /* MapView.xib in Resources */,
				F7BD46F91121BD75005457F1 /* MetamorphicGradeView.xib in Resources */,
				F7BD46FA1121BD75005457F1 /* MineralsView.xib in Resources */,
				F7BD46FB1121BD75005457F1 /* PublicStatusView.xib in Resources */,
				F7BD46FC1121BD75005457F1 /* RegionView.xib in Resources */,
				F7BD46FD1121BD75005457F1 /* RockTypeView.xib in Resources */,
				F7BD46FE1121BD75005457F1 /* SampleInfo.xib in Resources */,
				F7BD46FF1121BD75005457F1 /* MainView.xib in Resources */,
				F7BD47001121BD75005457F1 /* SampleTableView.xib in Resources */,
				F7BD47011121BD75005457F1 /* SearchCriteriaSummary.xib in Resources */,
				F7BD47021121BD75005457F1 /* SearchView.xib in Resources */,
				F7BD47031121BD75005457F1 /* SingleImageView.xib in Resources */,
				F7BD47041121BD75005457F1 /* TableView.xib in Resources */,
				F7BD47051121BD75005457F1 /* dropMapView.xib in Resources */,
				F7BD47061121BD75005457F1 /* WelcomeView.xib in Resources */,
				F7BD47071121BD75005457F1 /* Default.png in Resources */,
				F7BD47081121BD75005457F1 /* MetPetDB-Info.plist in Resources */,
				F7BD47091121BD75005457F1 /* Localizable.strings in Resources */,
				F7BD470B1121BD9C005457F1 /* MetPetDB.app in Resources */,
			);
			runOnlyForDeploymentPostprocessing = 0;
		};
/* End PBXResourcesBuildPhase section */

/* Begin PBXSourcesBuildPhase section */
		1D60588E0D05DD3D006BFB54 /* Sources */ = {
			isa = PBXSourcesBuildPhase;
			buildActionMask = 2147483647;
			files = (
				F7BD469E1121BCDA005457F1 /* MainViewController.m in Sources */,
				F7BD469F1121BCDA005457F1 /* WelcomeViewController.m in Sources */,
				F7BD46A01121BCDA005457F1 /* RadiusController.m in Sources */,
				F7BD46A11121BCDA005457F1 /* CoordInputController.m in Sources */,
				F7BD46A21121BCDA005457F1 /* DropMapViewController.m in Sources */,
				F7BD46A31121BCDA005457F1 /* DDAnnotationView.m in Sources */,
				F7BD46A41121BCDA005457F1 /* DDAnnotation.m in Sources */,
				F7BD46A51121BCDA005457F1 /* RegionViewController.m in Sources */,
				F7BD46A61121BCDA005457F1 /* MapController.m in Sources */,
				F7BD46A71121BCDA005457F1 /* MapTypeController.m in Sources */,
				F7BD46A81121BCDA005457F1 /* SampleTableController.m in Sources */,
				F7BD46A91121BCDA005457F1 /* SampleInfoController.m in Sources */,
				F7BD46AA1121BCDA005457F1 /* AnalysisSummary.m in Sources */,
				F7BD46AB1121BCDA005457F1 /* CommentDisplayController.m in Sources */,
				F7BD46AC1121BCDA005457F1 /* AddCommentController.m in Sources */,
				F7BD46AD1121BCDA005457F1 /* SearchCriteriaController.m in Sources */,
				F7BD46AE1121BCDA005457F1 /* TableController.m in Sources */,
				F7BD46AF1121BCDA005457F1 /* RockTypeController.m in Sources */,
				F7BD46B01121BCDA005457F1 /* MineralsController.m in Sources */,
				F7BD46B11121BCDA005457F1 /* MetamorphicGradeController.m in Sources */,
				F7BD46B21121BCDA005457F1 /* OwnerViewController.m in Sources */,
				F7BD46B31121BCDA005457F1 /* ImageViewController.m in Sources */,
				F7BD46B41121BCDA005457F1 /* SingleImageView.m in Sources */,
				F7BD46B51121BCDA005457F1 /* AnnotationObjects.m in Sources */,
				F7BD46B61121BCDA005457F1 /* LoginViewController.m in Sources */,
				F7BD46B71121BCDA005457F1 /* uniqueSamples.m in Sources */,
				F7BD46B81121BCDA005457F1 /* InfoViewController.m in Sources */,
				F7BD46B91121BCDA005457F1 /* SecurityController.m in Sources */,
				F7BD46BA1121BCDA005457F1 /* xmlParser.m in Sources */,
				F7BD46BB1121BCDA005457F1 /* CriteriaSummary.m in Sources */,
				F7BD46BC1121BCDA005457F1 /* MetPetDBAppDelegate.m in Sources */,
				F7BD46C21121BCFE005457F1 /* LocationControllerMain.m in Sources */,
				F7BD46C51121BD53005457F1 /* main.m in Sources */,
				F7BD478B1121BFAE005457F1 /* MyCLController.m in Sources */,
			);
			runOnlyForDeploymentPostprocessing = 0;
		};
/* End PBXSourcesBuildPhase section */

/* Begin XCBuildConfiguration section */
		1D6058940D05DD3E006BFB54 /* Debug */ = {
			isa = XCBuildConfiguration;
			buildSettings = {
				ALWAYS_SEARCH_USER_PATHS = NO;
				CODE_SIGN_ENTITLEMENTS = "";
				CODE_SIGN_IDENTITY = "iPhone Developer";
				"CODE_SIGN_IDENTITY[sdk=iphoneos*]" = "iPhone Developer";
				"CODE_SIGN_IDENTITY[sdk=iphoneos3.0]" = "iPhone Developer";
				COPY_PHASE_STRIP = NO;
				FRAMEWORK_SEARCH_PATHS = (
					"\"/System/Library/Frameworks/Foundation.framework\"",
					"$(inherited)",
					"\"$(SDKROOT)$(SYSTEM_LIBRARY_DIR)/Frameworks\"\"$(SRCROOT)\"",
					"\"$(SRCROOT)\"\"/Developer/Platforms/iPhoneSimulator.platform/Developer/SDKs/iPhoneSimulator3.0.sdk/System/Library/Frameworks/\"",
					"\"$(SDKROOT)$(SYSTEM_LIBRARY_DIR)/PrivateFrameworks\"",
				);
				GCC_DYNAMIC_NO_PIC = NO;
				GCC_OPTIMIZATION_LEVEL = 0;
				GCC_PRECOMPILE_PREFIX_HEADER = YES;
				GCC_PREFIX_HEADER = MetPetDB_Prefix.pch;
				INFOPLIST_FILE = Info.plist;
				LIBRARY_SEARCH_PATHS = (
					"\"/System/Library/Frameworks/Foundation.framework\"",
					"$(inherited)",
					"\"$(SDKROOT)$(SYSTEM_LIBRARY_DIR)/Frameworks\"\"$(SRCROOT)\"",
				);
				OTHER_LDFLAGS = "";
				"OTHER_LDFLAGS[arch=*]" = "";
				PRODUCT_NAME = MetPetDB;
				PROVISIONING_PROFILE = "";
				"PROVISIONING_PROFILE[sdk=iphoneos*]" = "";
				"PROVISIONING_PROFILE[sdk=iphoneos3.0]" = "";
				SDKROOT = iphoneos3.0;
			};
			name = Debug;
		};
		1D6058950D05DD3E006BFB54 /* Release */ = {
			isa = XCBuildConfiguration;
			buildSettings = {
				ALWAYS_SEARCH_USER_PATHS = NO;
				CODE_SIGN_ENTITLEMENTS = "";
				CODE_SIGN_IDENTITY = "iPhone Developer";
				"CODE_SIGN_IDENTITY[sdk=iphoneos*]" = "iPhone Developer";
				"CODE_SIGN_IDENTITY[sdk=iphoneos3.0]" = "iPhone Developer";
				COPY_PHASE_STRIP = YES;
				FRAMEWORK_SEARCH_PATHS = (
					"\"/System/Library/Frameworks/Foundation.framework\"",
					"$(inherited)",
					"\"$(SDKROOT)$(SYSTEM_LIBRARY_DIR)/Frameworks\"\"$(SRCROOT)\"",
					"\"$(SRCROOT)\"\"/Developer/Platforms/iPhoneSimulator.platform/Developer/SDKs/iPhoneSimulator3.0.sdk/System/Library/Frameworks/\"",
					"\"$(SDKROOT)$(SYSTEM_LIBRARY_DIR)/PrivateFrameworks\"",
				);
				GCC_PRECOMPILE_PREFIX_HEADER = YES;
				GCC_PREFIX_HEADER = MetPetDB_Prefix.pch;
				INFOPLIST_FILE = Info.plist;
				LIBRARY_SEARCH_PATHS = (
					"\"/System/Library/Frameworks/Foundation.framework\"",
					"$(inherited)",
					"\"$(SDKROOT)$(SYSTEM_LIBRARY_DIR)/Frameworks\"\"$(SRCROOT)\"",
				);
				"OTHER_LDFLAGS[arch=*]" = "";
				PRODUCT_NAME = MetPetDB;
				PROVISIONING_PROFILE = "";
				"PROVISIONING_PROFILE[sdk=iphoneos*]" = "";
				"PROVISIONING_PROFILE[sdk=iphoneos3.0]" = "";
				SDKROOT = iphoneos3.0;
			};
			name = Release;
		};
		C01FCF4F08A954540054247B /* Debug */ = {
			isa = XCBuildConfiguration;
			buildSettings = {
				ARCHS = "$(ARCHS_STANDARD_32_BIT)";
				CODE_SIGN_IDENTITY = "Don't Code Sign";
				"CODE_SIGN_IDENTITY[sdk=iphoneos*]" = "Don't Code Sign";
				GCC_C_LANGUAGE_STANDARD = c99;
				GCC_WARN_ABOUT_RETURN_TYPE = YES;
				GCC_WARN_UNUSED_VARIABLE = YES;
				ONLY_ACTIVE_ARCH = YES;
				PREBINDING = NO;
				PRODUCT_NAME = MetPetDB;
				SDKROOT = iphonesimulator3.1;
			};
			name = Debug;
		};
		C01FCF5008A954540054247B /* Release */ = {
			isa = XCBuildConfiguration;
			buildSettings = {
				ARCHS = "$(ARCHS_STANDARD_32_BIT)";
				CODE_SIGN_IDENTITY = "Don't Code Sign";
				"CODE_SIGN_IDENTITY[sdk=iphoneos*]" = "Don't Code Sign";
				GCC_C_LANGUAGE_STANDARD = c99;
				GCC_WARN_ABOUT_RETURN_TYPE = YES;
				GCC_WARN_UNUSED_VARIABLE = YES;
				PREBINDING = NO;
				PRODUCT_NAME = MetPetDB;
				SDKROOT = iphonesimulator3.1;
			};
			name = Release;
		};
/* End XCBuildConfiguration section */

/* Begin XCConfigurationList section */
		1D6058960D05DD3E006BFB54 /* Build configuration list for PBXNativeTarget "MetPetDB" */ = {
			isa = XCConfigurationList;
			buildConfigurations = (
				1D6058940D05DD3E006BFB54 /* Debug */,
				1D6058950D05DD3E006BFB54 /* Release */,
			);
			defaultConfigurationIsVisible = 0;
			defaultConfigurationName = Release;
		};
		C01FCF4E08A954540054247B /* Build configuration list for PBXProject "MetPetDB" */ = {
			isa = XCConfigurationList;
			buildConfigurations = (
				C01FCF4F08A954540054247B /* Debug */,
				C01FCF5008A954540054247B /* Release */,
			);
			defaultConfigurationIsVisible = 0;
			defaultConfigurationName = Release;
		};
/* End XCConfigurationList section */
	};
	rootObject = 29B97313FDCFA39411CA2CEA /* Project object */;
}
