// !$*UTF8*$!
{
	archiveVersion = 1;
	classes = {
	};
	objectVersion = 45;
	objects = {

/* Begin PBXBuildFile section */
		F70FD5B2115989DF0022564C /* CurrentSearchData.m in Sources */ = {isa = PBXBuildFile; fileRef = F70FD5B1115989DF0022564C /* CurrentSearchData.m */; };
		F71748751199BC35002AA07D /* SingleImageView.xib in Resources */ = {isa = PBXBuildFile; fileRef = F71748741199BC35002AA07D /* SingleImageView.xib */; };
		F73129A010188FDF0049CD99 /* Security.framework in Frameworks */ = {isa = PBXBuildFile; fileRef = F731299F10188FDF0049CD99 /* Security.framework */; };
		F738AA8A1198F794007F2F8E /* LoginView.xib in Resources */ = {isa = PBXBuildFile; fileRef = F738AA891198F794007F2F8E /* LoginView.xib */; };
		F74CE1BF1149B7EF00036599 /* PostRequest.m in Sources */ = {isa = PBXBuildFile; fileRef = F74CE1BE1149B7EF00036599 /* PostRequest.m */; };
		F75722CF1198DAE3003A45D2 /* InfoViewController.m in Sources */ = {isa = PBXBuildFile; fileRef = F75722CE1198DAE3003A45D2 /* InfoViewController.m */; };
		F75725AD1198E1BE003A45D2 /* MainView.xib in Resources */ = {isa = PBXBuildFile; fileRef = F757258B1198E1BE003A45D2 /* MainView.xib */; };
		F75725B01198E1BE003A45D2 /* dropMapView.xib in Resources */ = {isa = PBXBuildFile; fileRef = F757258E1198E1BE003A45D2 /* dropMapView.xib */; };
		F75725B11198E1BE003A45D2 /* ResetView.xib in Resources */ = {isa = PBXBuildFile; fileRef = F757258F1198E1BE003A45D2 /* ResetView.xib */; };
		F75725B21198E1BE003A45D2 /* InfoView.xib in Resources */ = {isa = PBXBuildFile; fileRef = F75725901198E1BE003A45D2 /* InfoView.xib */; };
		F75725B31198E1BE003A45D2 /* iTunesArtwork.jpg in Resources */ = {isa = PBXBuildFile; fileRef = F75725911198E1BE003A45D2 /* iTunesArtwork.jpg */; };
		F75725B41198E1BE003A45D2 /* OwnerView.xib in Resources */ = {isa = PBXBuildFile; fileRef = F75725921198E1BE003A45D2 /* OwnerView.xib */; };
		F75725B51198E1BE003A45D2 /* Icon.png in Resources */ = {isa = PBXBuildFile; fileRef = F75725931198E1BE003A45D2 /* Icon.png */; };
		F75725B61198E1BE003A45D2 /* iTunesArtwork in Resources */ = {isa = PBXBuildFile; fileRef = F75725941198E1BE003A45D2 /* iTunesArtwork */; };
		F75725B71198E1BE003A45D2 /* MapTypeView.xib in Resources */ = {isa = PBXBuildFile; fileRef = F75725951198E1BE003A45D2 /* MapTypeView.xib */; };
		F75725B81198E1BE003A45D2 /* AddComment.xib in Resources */ = {isa = PBXBuildFile; fileRef = F75725961198E1BE003A45D2 /* AddComment.xib */; };
		F75725B91198E1BE003A45D2 /* ChemicalAnalysis.xib in Resources */ = {isa = PBXBuildFile; fileRef = F75725971198E1BE003A45D2 /* ChemicalAnalysis.xib */; };
		F75725BA1198E1BE003A45D2 /* CommentDisplay.xib in Resources */ = {isa = PBXBuildFile; fileRef = F75725981198E1BE003A45D2 /* CommentDisplay.xib */; };
		F75725BB1198E1BE003A45D2 /* ImageView.xib in Resources */ = {isa = PBXBuildFile; fileRef = F75725991198E1BE003A45D2 /* ImageView.xib */; };
		F75725BC1198E1BE003A45D2 /* LocationView.xib in Resources */ = {isa = PBXBuildFile; fileRef = F757259A1198E1BE003A45D2 /* LocationView.xib */; };
		F75725BE1198E1BE003A45D2 /* MainWindow.xib in Resources */ = {isa = PBXBuildFile; fileRef = F757259C1198E1BE003A45D2 /* MainWindow.xib */; };
		F75725BF1198E1BE003A45D2 /* MapView.xib in Resources */ = {isa = PBXBuildFile; fileRef = F757259D1198E1BE003A45D2 /* MapView.xib */; };
		F75725C01198E1BE003A45D2 /* MetamorphicGradeView.xib in Resources */ = {isa = PBXBuildFile; fileRef = F757259E1198E1BE003A45D2 /* MetamorphicGradeView.xib */; };
		F75725C11198E1BE003A45D2 /* MineralsView.xib in Resources */ = {isa = PBXBuildFile; fileRef = F757259F1198E1BE003A45D2 /* MineralsView.xib */; };
		F75725C21198E1BE003A45D2 /* RegionView.xib in Resources */ = {isa = PBXBuildFile; fileRef = F75725A01198E1BE003A45D2 /* RegionView.xib */; };
		F75725C31198E1BE003A45D2 /* RockTypeView.xib in Resources */ = {isa = PBXBuildFile; fileRef = F75725A11198E1BE003A45D2 /* RockTypeView.xib */; };
		F75725C41198E1BE003A45D2 /* SampleInfo.xib in Resources */ = {isa = PBXBuildFile; fileRef = F75725A21198E1BE003A45D2 /* SampleInfo.xib */; };
		F75725C51198E1BE003A45D2 /* SampleTableView.xib in Resources */ = {isa = PBXBuildFile; fileRef = F75725A31198E1BE003A45D2 /* SampleTableView.xib */; };
		F75725C61198E1BE003A45D2 /* SearchCriteriaSummary.xib in Resources */ = {isa = PBXBuildFile; fileRef = F75725A41198E1BE003A45D2 /* SearchCriteriaSummary.xib */; };
		F75725C71198E1BE003A45D2 /* SearchView.xib in Resources */ = {isa = PBXBuildFile; fileRef = F75725A51198E1BE003A45D2 /* SearchView.xib */; };
		F75725C91198E1BE003A45D2 /* TableView.xib in Resources */ = {isa = PBXBuildFile; fileRef = F75725A71198E1BE003A45D2 /* TableView.xib */; };
		F75725CB1198E1BE003A45D2 /* WelcomeView.xib in Resources */ = {isa = PBXBuildFile; fileRef = F75725A91198E1BE003A45D2 /* WelcomeView.xib */; };
		F75725CC1198E1BE003A45D2 /* Default.png in Resources */ = {isa = PBXBuildFile; fileRef = F75725AA1198E1BE003A45D2 /* Default.png */; };
		F75725CD1198E1BE003A45D2 /* MetPetDB-Info.plist in Resources */ = {isa = PBXBuildFile; fileRef = F75725AB1198E1BE003A45D2 /* MetPetDB-Info.plist */; };
		F75725CE1198E1BE003A45D2 /* Localizable.strings in Resources */ = {isa = PBXBuildFile; fileRef = F75725AC1198E1BE003A45D2 /* Localizable.strings */; };
		F75726591198E692003A45D2 /* CoordinateInputView.xib in Resources */ = {isa = PBXBuildFile; fileRef = F75726581198E692003A45D2 /* CoordinateInputView.xib */; };
		F769E9440FC42BB700630D69 /* CoreLocation.framework in Frameworks */ = {isa = PBXBuildFile; fileRef = F769E9430FC42BB700630D69 /* CoreLocation.framework */; };
		F7792B67113D858F000B9B3D /* PublicPrivateViewController.m in Sources */ = {isa = PBXBuildFile; fileRef = F7792B66113D858F000B9B3D /* PublicPrivateViewController.m */; };
		F789F60F0FB387B00062AC0F /* CoreFoundation.framework in Frameworks */ = {isa = PBXBuildFile; fileRef = F789F60E0FB387B00062AC0F /* CoreFoundation.framework */; };
		F79193260FC43777003BC117 /* MapKit.framework in Frameworks */ = {isa = PBXBuildFile; fileRef = F79193250FC43777003BC117 /* MapKit.framework */; };
		F7926A241180FFA00070EA83 /* CFNetwork.framework in Frameworks */ = {isa = PBXBuildFile; fileRef = F7926A231180FFA00070EA83 /* CFNetwork.framework */; };
		F7AADFBC0FC1EF9500BDCDAB /* Foundation.framework in Frameworks */ = {isa = PBXBuildFile; fileRef = F7AADFBB0FC1EF9500BDCDAB /* Foundation.framework */; };
		F7AADFC50FC1EFE100BDCDAB /* CoreData.framework in Frameworks */ = {isa = PBXBuildFile; fileRef = F7AADFC40FC1EFE100BDCDAB /* CoreData.framework */; };
		F7AC97AB118B2B2100096F61 /* KeychainWrapper.m in Sources */ = {isa = PBXBuildFile; fileRef = F7AC97AA118B2B2100096F61 /* KeychainWrapper.m */; };
		F7BD469E1121BCDA005457F1 /* MainViewController.m in Sources */ = {isa = PBXBuildFile; fileRef = F7BD46611121BCDA005457F1 /* MainViewController.m */; };
		F7BD46A01121BCDA005457F1 /* RadiusController.m in Sources */ = {isa = PBXBuildFile; fileRef = F7BD46651121BCDA005457F1 /* RadiusController.m */; };
		F7BD46A11121BCDA005457F1 /* CoordInputController.m in Sources */ = {isa = PBXBuildFile; fileRef = F7BD46671121BCDA005457F1 /* CoordInputController.m */; };
		F7BD46A21121BCDA005457F1 /* DropMapViewController.m in Sources */ = {isa = PBXBuildFile; fileRef = F7BD46691121BCDA005457F1 /* DropMapViewController.m */; };
		F7BD46A31121BCDA005457F1 /* DDAnnotationView.m in Sources */ = {isa = PBXBuildFile; fileRef = F7BD466B1121BCDA005457F1 /* DDAnnotationView.m */; };
		F7BD46A41121BCDA005457F1 /* DDAnnotation.m in Sources */ = {isa = PBXBuildFile; fileRef = F7BD466D1121BCDA005457F1 /* DDAnnotation.m */; };
		F7BD46A51121BCDA005457F1 /* RegionViewController.m in Sources */ = {isa = PBXBuildFile; fileRef = F7BD466F1121BCDA005457F1 /* RegionViewController.m */; };
		F7BD46A61121BCDA005457F1 /* MapController.m in Sources */ = {isa = PBXBuildFile; fileRef = F7BD46711121BCDA005457F1 /* MapController.m */; };
		F7BD46A71121BCDA005457F1 /* MapTypeController.m in Sources */ = {isa = PBXBuildFile; fileRef = F7BD46731121BCDA005457F1 /* MapTypeController.m */; };
		F7BD46A81121BCDA005457F1 /* SampleTableController.m in Sources */ = {isa = PBXBuildFile; fileRef = F7BD46751121BCDA005457F1 /* SampleTableController.m */; };
		F7BD46A91121BCDA005457F1 /* SampleInfoController.m in Sources */ = {isa = PBXBuildFile; fileRef = F7BD46771121BCDA005457F1 /* SampleInfoController.m */; };
		F7BD46AA1121BCDA005457F1 /* AnalysisSummary.m in Sources */ = {isa = PBXBuildFile; fileRef = F7BD46791121BCDA005457F1 /* AnalysisSummary.m */; };
		F7BD46AB1121BCDA005457F1 /* CommentDisplayController.m in Sources */ = {isa = PBXBuildFile; fileRef = F7BD467B1121BCDA005457F1 /* CommentDisplayController.m */; };
		F7BD46AC1121BCDA005457F1 /* AddCommentController.m in Sources */ = {isa = PBXBuildFile; fileRef = F7BD467D1121BCDA005457F1 /* AddCommentController.m */; };
		F7BD46AD1121BCDA005457F1 /* SearchCriteriaController.m in Sources */ = {isa = PBXBuildFile; fileRef = F7BD467F1121BCDA005457F1 /* SearchCriteriaController.m */; };
		F7BD46AE1121BCDA005457F1 /* TableController.m in Sources */ = {isa = PBXBuildFile; fileRef = F7BD46811121BCDA005457F1 /* TableController.m */; };
		F7BD46AF1121BCDA005457F1 /* RockTypeController.m in Sources */ = {isa = PBXBuildFile; fileRef = F7BD46831121BCDA005457F1 /* RockTypeController.m */; };
		F7BD46B01121BCDA005457F1 /* MineralsController.m in Sources */ = {isa = PBXBuildFile; fileRef = F7BD46851121BCDA005457F1 /* MineralsController.m */; };
		F7BD46B11121BCDA005457F1 /* MetamorphicGradeController.m in Sources */ = {isa = PBXBuildFile; fileRef = F7BD46871121BCDA005457F1 /* MetamorphicGradeController.m */; };
		F7BD46B21121BCDA005457F1 /* OwnerViewController.m in Sources */ = {isa = PBXBuildFile; fileRef = F7BD46891121BCDA005457F1 /* OwnerViewController.m */; };
		F7BD46B31121BCDA005457F1 /* ImageViewController.m in Sources */ = {isa = PBXBuildFile; fileRef = F7BD468B1121BCDA005457F1 /* ImageViewController.m */; };
		F7BD46B41121BCDA005457F1 /* SingleImageView.m in Sources */ = {isa = PBXBuildFile; fileRef = F7BD468D1121BCDA005457F1 /* SingleImageView.m */; };
		F7BD46B51121BCDA005457F1 /* AnnotationObjects.m in Sources */ = {isa = PBXBuildFile; fileRef = F7BD468F1121BCDA005457F1 /* AnnotationObjects.m */; };
		F7BD46B61121BCDA005457F1 /* LoginViewController.m in Sources */ = {isa = PBXBuildFile; fileRef = F7BD46911121BCDA005457F1 /* LoginViewController.m */; };
		F7BD46B71121BCDA005457F1 /* uniqueSamples.m in Sources */ = {isa = PBXBuildFile; fileRef = F7BD46931121BCDA005457F1 /* uniqueSamples.m */; };
		F7BD46BA1121BCDA005457F1 /* xmlParser.m in Sources */ = {isa = PBXBuildFile; fileRef = F7BD46991121BCDA005457F1 /* xmlParser.m */; };
		F7BD46BB1121BCDA005457F1 /* CriteriaSummary.m in Sources */ = {isa = PBXBuildFile; fileRef = F7BD469B1121BCDA005457F1 /* CriteriaSummary.m */; };
		F7BD46BC1121BCDA005457F1 /* MetPetDBAppDelegate.m in Sources */ = {isa = PBXBuildFile; fileRef = F7BD469D1121BCDA005457F1 /* MetPetDBAppDelegate.m */; };
		F7BD46C21121BCFE005457F1 /* LocationControllerMain.m in Sources */ = {isa = PBXBuildFile; fileRef = F7BD46C01121BCFE005457F1 /* LocationControllerMain.m */; };
		F7BD46C51121BD53005457F1 /* main.m in Sources */ = {isa = PBXBuildFile; fileRef = F7BD46C41121BD53005457F1 /* main.m */; };
		F7BD478B1121BFAE005457F1 /* MyCLController.m in Sources */ = {isa = PBXBuildFile; fileRef = F7BD478A1121BFAE005457F1 /* MyCLController.m */; };
		F7C1F7E40FCFFF89005AB0D5 /* CoreGraphics.framework in Frameworks */ = {isa = PBXBuildFile; fileRef = F7C1F7E30FCFFF89005AB0D5 /* CoreGraphics.framework */; };
		F7F05558119A256B002B0D11 /* PublicPrivateView.xib in Resources */ = {isa = PBXBuildFile; fileRef = F7F05557119A256B002B0D11 /* PublicPrivateView.xib */; };
		F7F606A20FC1F5D500CF0CEF /* UIKit.framework in Frameworks */ = {isa = PBXBuildFile; fileRef = F7F606A10FC1F5D500CF0CEF /* UIKit.framework */; };
/* End PBXBuildFile section */

/* Begin PBXFileReference section */
		8937D4470DF0E8EF001AA23D /* ReadMe.txt */ = {isa = PBXFileReference; fileEncoding = 4; lastKnownFileType = text; path = ReadMe.txt; sourceTree = "<group>"; usesTabs = 0; wrapsLines = 1; };
		F0BC7C9411F918710087D263 /* Testing for iOS4.app */ = {isa = PBXFileReference; explicitFileType = wrapper.application; includeInIndex = 0; path = "Testing for iOS4.app"; sourceTree = BUILT_PRODUCTS_DIR; };
		F0BC7C9611F918710087D263 /* Testing for iOS4-Info.plist */ = {isa = PBXFileReference; lastKnownFileType = text.plist.xml; path = "Testing for iOS4-Info.plist"; sourceTree = "<group>"; };
		F70FD5B0115989DF0022564C /* CurrentSearchData.h */ = {isa = PBXFileReference; fileEncoding = 4; lastKnownFileType = sourcecode.c.h; name = CurrentSearchData.h; path = Classes/CurrentSearchData.h; sourceTree = "<group>"; };
		F70FD5B1115989DF0022564C /* CurrentSearchData.m */ = {isa = PBXFileReference; fileEncoding = 4; lastKnownFileType = sourcecode.c.objc; name = CurrentSearchData.m; path = Classes/CurrentSearchData.m; sourceTree = "<group>"; };
		F71748741199BC35002AA07D /* SingleImageView.xib */ = {isa = PBXFileReference; lastKnownFileType = file.xib; name = SingleImageView.xib; path = "IB Files/SingleImageView.xib"; sourceTree = "<group>"; };
		F731299F10188FDF0049CD99 /* Security.framework */ = {isa = PBXFileReference; lastKnownFileType = wrapper.framework; name = Security.framework; path = System/Library/Frameworks/Security.framework; sourceTree = SDKROOT; };
		F738AA891198F794007F2F8E /* LoginView.xib */ = {isa = PBXFileReference; lastKnownFileType = file.xib; path = LoginView.xib; sourceTree = "<group>"; };
		F74CE1BD1149B7EF00036599 /* PostRequest.h */ = {isa = PBXFileReference; fileEncoding = 4; lastKnownFileType = sourcecode.c.h; name = PostRequest.h; path = Classes/PostRequest.h; sourceTree = "<group>"; };
		F74CE1BE1149B7EF00036599 /* PostRequest.m */ = {isa = PBXFileReference; fileEncoding = 4; lastKnownFileType = sourcecode.c.objc; name = PostRequest.m; path = Classes/PostRequest.m; sourceTree = "<group>"; };
		F75722B51198D951003A45D2 /* MetPetDB.app */ = {isa = PBXFileReference; explicitFileType = wrapper.application; includeInIndex = 0; path = MetPetDB.app; sourceTree = BUILT_PRODUCTS_DIR; };
		F75722CD1198DAE3003A45D2 /* InfoViewController.h */ = {isa = PBXFileReference; fileEncoding = 4; lastKnownFileType = sourcecode.c.h; name = InfoViewController.h; path = Classes/InfoViewController.h; sourceTree = "<group>"; };
		F75722CE1198DAE3003A45D2 /* InfoViewController.m */ = {isa = PBXFileReference; fileEncoding = 4; lastKnownFileType = sourcecode.c.objc; name = InfoViewController.m; path = Classes/InfoViewController.m; sourceTree = "<group>"; };
		F757258B1198E1BE003A45D2 /* MainView.xib */ = {isa = PBXFileReference; lastKnownFileType = file.xib; name = MainView.xib; path = "IB Files/MainView.xib"; sourceTree = "<group>"; };
		F757258E1198E1BE003A45D2 /* dropMapView.xib */ = {isa = PBXFileReference; lastKnownFileType = file.xib; name = dropMapView.xib; path = "IB Files/dropMapView.xib"; sourceTree = "<group>"; };
		F757258F1198E1BE003A45D2 /* ResetView.xib */ = {isa = PBXFileReference; lastKnownFileType = file.xib; name = ResetView.xib; path = "IB Files/ResetView.xib"; sourceTree = "<group>"; };
		F75725901198E1BE003A45D2 /* InfoView.xib */ = {isa = PBXFileReference; lastKnownFileType = file.xib; name = InfoView.xib; path = "IB Files/InfoView.xib"; sourceTree = "<group>"; };
		F75725911198E1BE003A45D2 /* iTunesArtwork.jpg */ = {isa = PBXFileReference; lastKnownFileType = image.jpeg; path = iTunesArtwork.jpg; sourceTree = "<group>"; };
		F75725921198E1BE003A45D2 /* OwnerView.xib */ = {isa = PBXFileReference; lastKnownFileType = file.xib; name = OwnerView.xib; path = "IB Files/OwnerView.xib"; sourceTree = "<group>"; };
		F75725931198E1BE003A45D2 /* Icon.png */ = {isa = PBXFileReference; lastKnownFileType = image.png; path = Icon.png; sourceTree = "<group>"; };
		F75725941198E1BE003A45D2 /* iTunesArtwork */ = {isa = PBXFileReference; fileEncoding = 4; lastKnownFileType = text; path = iTunesArtwork; sourceTree = "<group>"; };
		F75725951198E1BE003A45D2 /* MapTypeView.xib */ = {isa = PBXFileReference; lastKnownFileType = file.xib; name = MapTypeView.xib; path = "IB Files/MapTypeView.xib"; sourceTree = "<group>"; };
		F75725961198E1BE003A45D2 /* AddComment.xib */ = {isa = PBXFileReference; lastKnownFileType = file.xib; name = AddComment.xib; path = "IB Files/AddComment.xib"; sourceTree = "<group>"; };
		F75725971198E1BE003A45D2 /* ChemicalAnalysis.xib */ = {isa = PBXFileReference; lastKnownFileType = file.xib; name = ChemicalAnalysis.xib; path = "IB Files/ChemicalAnalysis.xib"; sourceTree = "<group>"; };
		F75725981198E1BE003A45D2 /* CommentDisplay.xib */ = {isa = PBXFileReference; lastKnownFileType = file.xib; name = CommentDisplay.xib; path = "IB Files/CommentDisplay.xib"; sourceTree = "<group>"; };
		F75725991198E1BE003A45D2 /* ImageView.xib */ = {isa = PBXFileReference; lastKnownFileType = file.xib; name = ImageView.xib; path = "IB Files/ImageView.xib"; sourceTree = "<group>"; };
		F757259A1198E1BE003A45D2 /* LocationView.xib */ = {isa = PBXFileReference; lastKnownFileType = file.xib; name = LocationView.xib; path = "IB Files/LocationView.xib"; sourceTree = "<group>"; };
		F757259C1198E1BE003A45D2 /* MainWindow.xib */ = {isa = PBXFileReference; lastKnownFileType = file.xib; name = MainWindow.xib; path = "IB Files/MainWindow.xib"; sourceTree = "<group>"; };
		F757259D1198E1BE003A45D2 /* MapView.xib */ = {isa = PBXFileReference; lastKnownFileType = file.xib; name = MapView.xib; path = "IB Files/MapView.xib"; sourceTree = "<group>"; };
		F757259E1198E1BE003A45D2 /* MetamorphicGradeView.xib */ = {isa = PBXFileReference; lastKnownFileType = file.xib; name = MetamorphicGradeView.xib; path = "IB Files/MetamorphicGradeView.xib"; sourceTree = "<group>"; };
		F757259F1198E1BE003A45D2 /* MineralsView.xib */ = {isa = PBXFileReference; lastKnownFileType = file.xib; name = MineralsView.xib; path = "IB Files/MineralsView.xib"; sourceTree = "<group>"; };
		F75725A01198E1BE003A45D2 /* RegionView.xib */ = {isa = PBXFileReference; lastKnownFileType = file.xib; name = RegionView.xib; path = "IB Files/RegionView.xib"; sourceTree = "<group>"; };
		F75725A11198E1BE003A45D2 /* RockTypeView.xib */ = {isa = PBXFileReference; lastKnownFileType = file.xib; name = RockTypeView.xib; path = "IB Files/RockTypeView.xib"; sourceTree = "<group>"; };
		F75725A21198E1BE003A45D2 /* SampleInfo.xib */ = {isa = PBXFileReference; lastKnownFileType = file.xib; name = SampleInfo.xib; path = "IB Files/SampleInfo.xib"; sourceTree = "<group>"; };
		F75725A31198E1BE003A45D2 /* SampleTableView.xib */ = {isa = PBXFileReference; lastKnownFileType = file.xib; name = SampleTableView.xib; path = "IB Files/SampleTableView.xib"; sourceTree = "<group>"; };
		F75725A41198E1BE003A45D2 /* SearchCriteriaSummary.xib */ = {isa = PBXFileReference; lastKnownFileType = file.xib; name = SearchCriteriaSummary.xib; path = "IB Files/SearchCriteriaSummary.xib"; sourceTree = "<group>"; };
		F75725A51198E1BE003A45D2 /* SearchView.xib */ = {isa = PBXFileReference; lastKnownFileType = file.xib; name = SearchView.xib; path = "IB Files/SearchView.xib"; sourceTree = "<group>"; };
		F75725A71198E1BE003A45D2 /* TableView.xib */ = {isa = PBXFileReference; lastKnownFileType = file.xib; name = TableView.xib; path = "IB Files/TableView.xib"; sourceTree = "<group>"; };
		F75725A91198E1BE003A45D2 /* WelcomeView.xib */ = {isa = PBXFileReference; lastKnownFileType = file.xib; name = WelcomeView.xib; path = "IB Files/WelcomeView.xib"; sourceTree = "<group>"; };
		F75725AA1198E1BE003A45D2 /* Default.png */ = {isa = PBXFileReference; lastKnownFileType = image.png; path = Default.png; sourceTree = "<group>"; };
		F75725AB1198E1BE003A45D2 /* MetPetDB-Info.plist */ = {isa = PBXFileReference; fileEncoding = 4; lastKnownFileType = text.plist; path = "MetPetDB-Info.plist"; sourceTree = "<group>"; };
		F75725AC1198E1BE003A45D2 /* Localizable.strings */ = {isa = PBXFileReference; fileEncoding = 4; lastKnownFileType = text.plist.strings; path = Localizable.strings; sourceTree = "<group>"; };
		F75726581198E692003A45D2 /* CoordinateInputView.xib */ = {isa = PBXFileReference; lastKnownFileType = file.xib; name = CoordinateInputView.xib; path = "IB Files/CoordinateInputView.xib"; sourceTree = "<group>"; };
		F769E9430FC42BB700630D69 /* CoreLocation.framework */ = {isa = PBXFileReference; lastKnownFileType = wrapper.framework; name = CoreLocation.framework; path = System/Library/Frameworks/CoreLocation.framework; sourceTree = SDKROOT; };
		F7792B65113D858F000B9B3D /* PublicPrivateViewController.h */ = {isa = PBXFileReference; fileEncoding = 4; lastKnownFileType = sourcecode.c.h; name = PublicPrivateViewController.h; path = Classes/PublicPrivateViewController.h; sourceTree = "<group>"; };
		F7792B66113D858F000B9B3D /* PublicPrivateViewController.m */ = {isa = PBXFileReference; fileEncoding = 4; lastKnownFileType = sourcecode.c.objc; name = PublicPrivateViewController.m; path = Classes/PublicPrivateViewController.m; sourceTree = "<group>"; };
		F789F60E0FB387B00062AC0F /* CoreFoundation.framework */ = {isa = PBXFileReference; lastKnownFileType = wrapper.framework; name = CoreFoundation.framework; path = /System/Library/Frameworks/CoreFoundation.framework; sourceTree = "<absolute>"; };
		F79193250FC43777003BC117 /* MapKit.framework */ = {isa = PBXFileReference; lastKnownFileType = wrapper.framework; name = MapKit.framework; path = System/Library/Frameworks/MapKit.framework; sourceTree = SDKROOT; };
		F7926A231180FFA00070EA83 /* CFNetwork.framework */ = {isa = PBXFileReference; lastKnownFileType = wrapper.framework; name = CFNetwork.framework; path = System/Library/Frameworks/CFNetwork.framework; sourceTree = SDKROOT; };
		F7AADFBB0FC1EF9500BDCDAB /* Foundation.framework */ = {isa = PBXFileReference; lastKnownFileType = wrapper.framework; name = Foundation.framework; path = /System/Library/Frameworks/Foundation.framework; sourceTree = "<absolute>"; };
		F7AADFC40FC1EFE100BDCDAB /* CoreData.framework */ = {isa = PBXFileReference; lastKnownFileType = wrapper.framework; name = CoreData.framework; path = /System/Library/Frameworks/CoreData.framework; sourceTree = "<absolute>"; };
		F7AC97A9118B2B2100096F61 /* KeychainWrapper.h */ = {isa = PBXFileReference; fileEncoding = 4; lastKnownFileType = sourcecode.c.h; name = KeychainWrapper.h; path = Classes/KeychainWrapper.h; sourceTree = "<group>"; };
		F7AC97AA118B2B2100096F61 /* KeychainWrapper.m */ = {isa = PBXFileReference; fileEncoding = 4; lastKnownFileType = sourcecode.c.objc; name = KeychainWrapper.m; path = Classes/KeychainWrapper.m; sourceTree = "<group>"; };
		F7BD46601121BCDA005457F1 /* MainViewController.h */ = {isa = PBXFileReference; fileEncoding = 4; lastKnownFileType = sourcecode.c.h; name = MainViewController.h; path = Classes/MainViewController.h; sourceTree = "<group>"; };
		F7BD46611121BCDA005457F1 /* MainViewController.m */ = {isa = PBXFileReference; fileEncoding = 4; lastKnownFileType = sourcecode.c.objc; name = MainViewController.m; path = Classes/MainViewController.m; sourceTree = "<group>"; };
		F7BD46641121BCDA005457F1 /* RadiusController.h */ = {isa = PBXFileReference; fileEncoding = 4; lastKnownFileType = sourcecode.c.h; name = RadiusController.h; path = Classes/RadiusController.h; sourceTree = "<group>"; };
		F7BD46651121BCDA005457F1 /* RadiusController.m */ = {isa = PBXFileReference; fileEncoding = 4; lastKnownFileType = sourcecode.c.objc; name = RadiusController.m; path = Classes/RadiusController.m; sourceTree = "<group>"; };
		F7BD46661121BCDA005457F1 /* CoordInputController.h */ = {isa = PBXFileReference; fileEncoding = 4; lastKnownFileType = sourcecode.c.h; name = CoordInputController.h; path = Classes/CoordInputController.h; sourceTree = "<group>"; };
		F7BD46671121BCDA005457F1 /* CoordInputController.m */ = {isa = PBXFileReference; fileEncoding = 4; lastKnownFileType = sourcecode.c.objc; name = CoordInputController.m; path = Classes/CoordInputController.m; sourceTree = "<group>"; };
		F7BD46681121BCDA005457F1 /* DropMapViewController.h */ = {isa = PBXFileReference; fileEncoding = 4; lastKnownFileType = sourcecode.c.h; name = DropMapViewController.h; path = Classes/DropMapViewController.h; sourceTree = "<group>"; };
		F7BD46691121BCDA005457F1 /* DropMapViewController.m */ = {isa = PBXFileReference; fileEncoding = 4; lastKnownFileType = sourcecode.c.objc; name = DropMapViewController.m; path = Classes/DropMapViewController.m; sourceTree = "<group>"; };
		F7BD466A1121BCDA005457F1 /* DDAnnotationView.h */ = {isa = PBXFileReference; fileEncoding = 4; lastKnownFileType = sourcecode.c.h; name = DDAnnotationView.h; path = Classes/DDAnnotationView.h; sourceTree = "<group>"; };
		F7BD466B1121BCDA005457F1 /* DDAnnotationView.m */ = {isa = PBXFileReference; fileEncoding = 4; lastKnownFileType = sourcecode.c.objc; name = DDAnnotationView.m; path = Classes/DDAnnotationView.m; sourceTree = "<group>"; };
		F7BD466C1121BCDA005457F1 /* DDAnnotation.h */ = {isa = PBXFileReference; fileEncoding = 4; lastKnownFileType = sourcecode.c.h; name = DDAnnotation.h; path = Classes/DDAnnotation.h; sourceTree = "<group>"; };
		F7BD466D1121BCDA005457F1 /* DDAnnotation.m */ = {isa = PBXFileReference; fileEncoding = 4; lastKnownFileType = sourcecode.c.objc; name = DDAnnotation.m; path = Classes/DDAnnotation.m; sourceTree = "<group>"; };
		F7BD466E1121BCDA005457F1 /* RegionViewController.h */ = {isa = PBXFileReference; fileEncoding = 4; lastKnownFileType = sourcecode.c.h; name = RegionViewController.h; path = Classes/RegionViewController.h; sourceTree = "<group>"; };
		F7BD466F1121BCDA005457F1 /* RegionViewController.m */ = {isa = PBXFileReference; fileEncoding = 4; lastKnownFileType = sourcecode.c.objc; name = RegionViewController.m; path = Classes/RegionViewController.m; sourceTree = "<group>"; };
		F7BD46701121BCDA005457F1 /* MapController.h */ = {isa = PBXFileReference; fileEncoding = 4; lastKnownFileType = sourcecode.c.h; name = MapController.h; path = Classes/MapController.h; sourceTree = "<group>"; };
		F7BD46711121BCDA005457F1 /* MapController.m */ = {isa = PBXFileReference; fileEncoding = 4; lastKnownFileType = sourcecode.c.objc; name = MapController.m; path = Classes/MapController.m; sourceTree = "<group>"; };
		F7BD46721121BCDA005457F1 /* MapTypeController.h */ = {isa = PBXFileReference; fileEncoding = 4; lastKnownFileType = sourcecode.c.h; name = MapTypeController.h; path = Classes/MapTypeController.h; sourceTree = "<group>"; };
		F7BD46731121BCDA005457F1 /* MapTypeController.m */ = {isa = PBXFileReference; fileEncoding = 4; lastKnownFileType = sourcecode.c.objc; name = MapTypeController.m; path = Classes/MapTypeController.m; sourceTree = "<group>"; };
		F7BD46741121BCDA005457F1 /* SampleTableController.h */ = {isa = PBXFileReference; fileEncoding = 4; lastKnownFileType = sourcecode.c.h; name = SampleTableController.h; path = Classes/SampleTableController.h; sourceTree = "<group>"; };
		F7BD46751121BCDA005457F1 /* SampleTableController.m */ = {isa = PBXFileReference; fileEncoding = 4; lastKnownFileType = sourcecode.c.objc; name = SampleTableController.m; path = Classes/SampleTableController.m; sourceTree = "<group>"; };
		F7BD46761121BCDA005457F1 /* SampleInfoController.h */ = {isa = PBXFileReference; fileEncoding = 4; lastKnownFileType = sourcecode.c.h; name = SampleInfoController.h; path = Classes/SampleInfoController.h; sourceTree = "<group>"; };
		F7BD46771121BCDA005457F1 /* SampleInfoController.m */ = {isa = PBXFileReference; fileEncoding = 4; lastKnownFileType = sourcecode.c.objc; name = SampleInfoController.m; path = Classes/SampleInfoController.m; sourceTree = "<group>"; };
		F7BD46781121BCDA005457F1 /* AnalysisSummary.h */ = {isa = PBXFileReference; fileEncoding = 4; lastKnownFileType = sourcecode.c.h; name = AnalysisSummary.h; path = Classes/AnalysisSummary.h; sourceTree = "<group>"; };
		F7BD46791121BCDA005457F1 /* AnalysisSummary.m */ = {isa = PBXFileReference; fileEncoding = 4; lastKnownFileType = sourcecode.c.objc; name = AnalysisSummary.m; path = Classes/AnalysisSummary.m; sourceTree = "<group>"; };
		F7BD467A1121BCDA005457F1 /* CommentDisplayController.h */ = {isa = PBXFileReference; fileEncoding = 4; lastKnownFileType = sourcecode.c.h; name = CommentDisplayController.h; path = Classes/CommentDisplayController.h; sourceTree = "<group>"; };
		F7BD467B1121BCDA005457F1 /* CommentDisplayController.m */ = {isa = PBXFileReference; fileEncoding = 4; lastKnownFileType = sourcecode.c.objc; name = CommentDisplayController.m; path = Classes/CommentDisplayController.m; sourceTree = "<group>"; };
		F7BD467C1121BCDA005457F1 /* AddCommentController.h */ = {isa = PBXFileReference; fileEncoding = 4; lastKnownFileType = sourcecode.c.h; name = AddCommentController.h; path = Classes/AddCommentController.h; sourceTree = "<group>"; };
		F7BD467D1121BCDA005457F1 /* AddCommentController.m */ = {isa = PBXFileReference; fileEncoding = 4; lastKnownFileType = sourcecode.c.objc; name = AddCommentController.m; path = Classes/AddCommentController.m; sourceTree = "<group>"; };
		F7BD467E1121BCDA005457F1 /* SearchCriteriaController.h */ = {isa = PBXFileReference; fileEncoding = 4; lastKnownFileType = sourcecode.c.h; name = SearchCriteriaController.h; path = Classes/SearchCriteriaController.h; sourceTree = "<group>"; };
		F7BD467F1121BCDA005457F1 /* SearchCriteriaController.m */ = {isa = PBXFileReference; fileEncoding = 4; lastKnownFileType = sourcecode.c.objc; name = SearchCriteriaController.m; path = Classes/SearchCriteriaController.m; sourceTree = "<group>"; };
		F7BD46801121BCDA005457F1 /* TableController.h */ = {isa = PBXFileReference; fileEncoding = 4; lastKnownFileType = sourcecode.c.h; name = TableController.h; path = Classes/TableController.h; sourceTree = "<group>"; };
		F7BD46811121BCDA005457F1 /* TableController.m */ = {isa = PBXFileReference; fileEncoding = 4; lastKnownFileType = sourcecode.c.objc; name = TableController.m; path = Classes/TableController.m; sourceTree = "<group>"; };
		F7BD46821121BCDA005457F1 /* RockTypeController.h */ = {isa = PBXFileReference; fileEncoding = 4; lastKnownFileType = sourcecode.c.h; name = RockTypeController.h; path = Classes/RockTypeController.h; sourceTree = "<group>"; };
		F7BD46831121BCDA005457F1 /* RockTypeController.m */ = {isa = PBXFileReference; fileEncoding = 4; lastKnownFileType = sourcecode.c.objc; name = RockTypeController.m; path = Classes/RockTypeController.m; sourceTree = "<group>"; };
		F7BD46841121BCDA005457F1 /* MineralsController.h */ = {isa = PBXFileReference; fileEncoding = 4; lastKnownFileType = sourcecode.c.h; name = MineralsController.h; path = Classes/MineralsController.h; sourceTree = "<group>"; };
		F7BD46851121BCDA005457F1 /* MineralsController.m */ = {isa = PBXFileReference; fileEncoding = 4; lastKnownFileType = sourcecode.c.objc; name = MineralsController.m; path = Classes/MineralsController.m; sourceTree = "<group>"; };
		F7BD46861121BCDA005457F1 /* MetamorphicGradeController.h */ = {isa = PBXFileReference; fileEncoding = 4; lastKnownFileType = sourcecode.c.h; name = MetamorphicGradeController.h; path = Classes/MetamorphicGradeController.h; sourceTree = "<group>"; };
		F7BD46871121BCDA005457F1 /* MetamorphicGradeController.m */ = {isa = PBXFileReference; fileEncoding = 4; lastKnownFileType = sourcecode.c.objc; name = MetamorphicGradeController.m; path = Classes/MetamorphicGradeController.m; sourceTree = "<group>"; };
		F7BD46881121BCDA005457F1 /* OwnerViewController.h */ = {isa = PBXFileReference; fileEncoding = 4; lastKnownFileType = sourcecode.c.h; name = OwnerViewController.h; path = Classes/OwnerViewController.h; sourceTree = "<group>"; };
		F7BD46891121BCDA005457F1 /* OwnerViewController.m */ = {isa = PBXFileReference; fileEncoding = 4; lastKnownFileType = sourcecode.c.objc; name = OwnerViewController.m; path = Classes/OwnerViewController.m; sourceTree = "<group>"; };
		F7BD468A1121BCDA005457F1 /* ImageViewController.h */ = {isa = PBXFileReference; fileEncoding = 4; lastKnownFileType = sourcecode.c.h; name = ImageViewController.h; path = Classes/ImageViewController.h; sourceTree = "<group>"; };
		F7BD468B1121BCDA005457F1 /* ImageViewController.m */ = {isa = PBXFileReference; fileEncoding = 4; lastKnownFileType = sourcecode.c.objc; name = ImageViewController.m; path = Classes/ImageViewController.m; sourceTree = "<group>"; };
		F7BD468C1121BCDA005457F1 /* SingleImageView.h */ = {isa = PBXFileReference; fileEncoding = 4; lastKnownFileType = sourcecode.c.h; name = SingleImageView.h; path = Classes/SingleImageView.h; sourceTree = "<group>"; };
		F7BD468D1121BCDA005457F1 /* SingleImageView.m */ = {isa = PBXFileReference; fileEncoding = 4; lastKnownFileType = sourcecode.c.objc; name = SingleImageView.m; path = Classes/SingleImageView.m; sourceTree = "<group>"; };
		F7BD468E1121BCDA005457F1 /* AnnotationObjects.h */ = {isa = PBXFileReference; fileEncoding = 4; lastKnownFileType = sourcecode.c.h; name = AnnotationObjects.h; path = Classes/AnnotationObjects.h; sourceTree = "<group>"; };
		F7BD468F1121BCDA005457F1 /* AnnotationObjects.m */ = {isa = PBXFileReference; fileEncoding = 4; lastKnownFileType = sourcecode.c.objc; name = AnnotationObjects.m; path = Classes/AnnotationObjects.m; sourceTree = "<group>"; };
		F7BD46901121BCDA005457F1 /* LoginViewController.h */ = {isa = PBXFileReference; fileEncoding = 4; lastKnownFileType = sourcecode.c.h; name = LoginViewController.h; path = Classes/LoginViewController.h; sourceTree = "<group>"; };
		F7BD46911121BCDA005457F1 /* LoginViewController.m */ = {isa = PBXFileReference; fileEncoding = 4; lastKnownFileType = sourcecode.c.objc; name = LoginViewController.m; path = Classes/LoginViewController.m; sourceTree = "<group>"; };
		F7BD46921121BCDA005457F1 /* uniqueSamples.h */ = {isa = PBXFileReference; fileEncoding = 4; lastKnownFileType = sourcecode.c.h; name = uniqueSamples.h; path = Classes/uniqueSamples.h; sourceTree = "<group>"; };
		F7BD46931121BCDA005457F1 /* uniqueSamples.m */ = {isa = PBXFileReference; fileEncoding = 4; lastKnownFileType = sourcecode.c.objc; name = uniqueSamples.m; path = Classes/uniqueSamples.m; sourceTree = "<group>"; };
		F7BD46981121BCDA005457F1 /* xmlParser.h */ = {isa = PBXFileReference; fileEncoding = 4; lastKnownFileType = sourcecode.c.h; name = xmlParser.h; path = Classes/xmlParser.h; sourceTree = "<group>"; };
		F7BD46991121BCDA005457F1 /* xmlParser.m */ = {isa = PBXFileReference; fileEncoding = 4; lastKnownFileType = sourcecode.c.objc; name = xmlParser.m; path = Classes/xmlParser.m; sourceTree = "<group>"; };
		F7BD469A1121BCDA005457F1 /* CriteriaSummary.h */ = {isa = PBXFileReference; fileEncoding = 4; lastKnownFileType = sourcecode.c.h; name = CriteriaSummary.h; path = Classes/CriteriaSummary.h; sourceTree = "<group>"; };
		F7BD469B1121BCDA005457F1 /* CriteriaSummary.m */ = {isa = PBXFileReference; fileEncoding = 4; lastKnownFileType = sourcecode.c.objc; name = CriteriaSummary.m; path = Classes/CriteriaSummary.m; sourceTree = "<group>"; };
		F7BD469C1121BCDA005457F1 /* MetPetDBAppDelegate.h */ = {isa = PBXFileReference; fileEncoding = 4; lastKnownFileType = sourcecode.c.h; path = MetPetDBAppDelegate.h; sourceTree = SOURCE_ROOT; };
		F7BD469D1121BCDA005457F1 /* MetPetDBAppDelegate.m */ = {isa = PBXFileReference; fileEncoding = 4; lastKnownFileType = sourcecode.c.objc; path = MetPetDBAppDelegate.m; sourceTree = SOURCE_ROOT; };
		F7BD46BF1121BCFE005457F1 /* LocationControllerMain.h */ = {isa = PBXFileReference; fileEncoding = 4; lastKnownFileType = sourcecode.c.h; path = LocationControllerMain.h; sourceTree = "<group>"; };
		F7BD46C01121BCFE005457F1 /* LocationControllerMain.m */ = {isa = PBXFileReference; fileEncoding = 4; lastKnownFileType = sourcecode.c.objc; path = LocationControllerMain.m; sourceTree = "<group>"; };
		F7BD46C31121BD53005457F1 /* MetPetDB_Prefix.pch */ = {isa = PBXFileReference; fileEncoding = 4; lastKnownFileType = sourcecode.c.h; path = MetPetDB_Prefix.pch; sourceTree = "<group>"; };
		F7BD46C41121BD53005457F1 /* main.m */ = {isa = PBXFileReference; fileEncoding = 4; lastKnownFileType = sourcecode.c.objc; path = main.m; sourceTree = "<group>"; };
		F7BD47891121BFAE005457F1 /* MyCLController.h */ = {isa = PBXFileReference; fileEncoding = 4; lastKnownFileType = sourcecode.c.h; path = MyCLController.h; sourceTree = "<group>"; };
		F7BD478A1121BFAE005457F1 /* MyCLController.m */ = {isa = PBXFileReference; fileEncoding = 4; lastKnownFileType = sourcecode.c.objc; path = MyCLController.m; sourceTree = "<group>"; };
		F7C1F7E30FCFFF89005AB0D5 /* CoreGraphics.framework */ = {isa = PBXFileReference; lastKnownFileType = wrapper.framework; name = CoreGraphics.framework; path = System/Library/Frameworks/CoreGraphics.framework; sourceTree = SDKROOT; };
		F7F05557119A256B002B0D11 /* PublicPrivateView.xib */ = {isa = PBXFileReference; lastKnownFileType = file.xib; path = PublicPrivateView.xib; sourceTree = "<group>"; };
		F7F606A10FC1F5D500CF0CEF /* UIKit.framework */ = {isa = PBXFileReference; lastKnownFileType = wrapper.framework; name = UIKit.framework; path = System/Library/Frameworks/UIKit.framework; sourceTree = SDKROOT; };
/* End PBXFileReference section */

/* Begin PBXFrameworksBuildPhase section */
		1D60588F0D05DD3D006BFB54 /* Frameworks */ = {
			isa = PBXFrameworksBuildPhase;
			buildActionMask = 2147483647;
			files = (
				F789F60F0FB387B00062AC0F /* CoreFoundation.framework in Frameworks */,
				F7AADFBC0FC1EF9500BDCDAB /* Foundation.framework in Frameworks */,
				F7AADFC50FC1EFE100BDCDAB /* CoreData.framework in Frameworks */,
				F7F606A20FC1F5D500CF0CEF /* UIKit.framework in Frameworks */,
				F769E9440FC42BB700630D69 /* CoreLocation.framework in Frameworks */,
				F79193260FC43777003BC117 /* MapKit.framework in Frameworks */,
				F7C1F7E40FCFFF89005AB0D5 /* CoreGraphics.framework in Frameworks */,
				F73129A010188FDF0049CD99 /* Security.framework in Frameworks */,
				F7926A241180FFA00070EA83 /* CFNetwork.framework in Frameworks */,
			);
			runOnlyForDeploymentPostprocessing = 0;
		};
		F0BC7C9211F918710087D263 /* Frameworks */ = {
			isa = PBXFrameworksBuildPhase;
			buildActionMask = 2147483647;
			files = (
			);
			runOnlyForDeploymentPostprocessing = 0;
		};
/* End PBXFrameworksBuildPhase section */

/* Begin PBXGroup section */
		080E96DDFE201D6D7F000001 /* Application Controllers */ = {
			isa = PBXGroup;
			children = (
				F7BD469C1121BCDA005457F1 /* MetPetDBAppDelegate.h */,
				F7BD469D1121BCDA005457F1 /* MetPetDBAppDelegate.m */,
			);
			name = "Application Controllers";
			path = Classes;
			sourceTree = "<group>";
		};
		19C28FACFE9D520D11CA2CBB /* Products */ = {
			isa = PBXGroup;
			children = (
				F75722B51198D951003A45D2 /* MetPetDB.app */,
				F0BC7C9411F918710087D263 /* Testing for iOS4.app */,
			);
			name = Products;
			sourceTree = "<group>";
		};
		289233A00DB2D0730083E9F9 /* classes */ = {
			isa = PBXGroup;
			children = (
				F7BD46601121BCDA005457F1 /* MainViewController.h */,
				F7BD46611121BCDA005457F1 /* MainViewController.m */,
				F7BD46901121BCDA005457F1 /* LoginViewController.h */,
				F7BD46911121BCDA005457F1 /* LoginViewController.m */,
				F75722CD1198DAE3003A45D2 /* InfoViewController.h */,
				F75722CE1198DAE3003A45D2 /* InfoViewController.m */,
				F7BD46641121BCDA005457F1 /* RadiusController.h */,
				F7BD46651121BCDA005457F1 /* RadiusController.m */,
				F7BD46661121BCDA005457F1 /* CoordInputController.h */,
				F7BD46671121BCDA005457F1 /* CoordInputController.m */,
				F7BD46681121BCDA005457F1 /* DropMapViewController.h */,
				F7BD46691121BCDA005457F1 /* DropMapViewController.m */,
				F7BD466A1121BCDA005457F1 /* DDAnnotationView.h */,
				F7BD466B1121BCDA005457F1 /* DDAnnotationView.m */,
				F7BD466C1121BCDA005457F1 /* DDAnnotation.h */,
				F7BD466D1121BCDA005457F1 /* DDAnnotation.m */,
				F7BD466E1121BCDA005457F1 /* RegionViewController.h */,
				F7BD466F1121BCDA005457F1 /* RegionViewController.m */,
				F7BD46701121BCDA005457F1 /* MapController.h */,
				F7BD46711121BCDA005457F1 /* MapController.m */,
				F7BD46721121BCDA005457F1 /* MapTypeController.h */,
				F7BD46731121BCDA005457F1 /* MapTypeController.m */,
				F7BD46741121BCDA005457F1 /* SampleTableController.h */,
				F7BD46751121BCDA005457F1 /* SampleTableController.m */,
				F7BD46761121BCDA005457F1 /* SampleInfoController.h */,
				F7BD46771121BCDA005457F1 /* SampleInfoController.m */,
				F7BD46781121BCDA005457F1 /* AnalysisSummary.h */,
				F7BD46791121BCDA005457F1 /* AnalysisSummary.m */,
				F7BD467A1121BCDA005457F1 /* CommentDisplayController.h */,
				F7BD467B1121BCDA005457F1 /* CommentDisplayController.m */,
				F7BD467C1121BCDA005457F1 /* AddCommentController.h */,
				F7BD467D1121BCDA005457F1 /* AddCommentController.m */,
				F7BD468A1121BCDA005457F1 /* ImageViewController.h */,
				F7BD468B1121BCDA005457F1 /* ImageViewController.m */,
				F7BD468C1121BCDA005457F1 /* SingleImageView.h */,
				F7BD468D1121BCDA005457F1 /* SingleImageView.m */,
				F7BD467E1121BCDA005457F1 /* SearchCriteriaController.h */,
				F7BD467F1121BCDA005457F1 /* SearchCriteriaController.m */,
				F7BD46801121BCDA005457F1 /* TableController.h */,
				F7BD46811121BCDA005457F1 /* TableController.m */,
				F7BD46821121BCDA005457F1 /* RockTypeController.h */,
				F7BD46831121BCDA005457F1 /* RockTypeController.m */,
				F7BD46841121BCDA005457F1 /* MineralsController.h */,
				F7BD46851121BCDA005457F1 /* MineralsController.m */,
				F7BD46861121BCDA005457F1 /* MetamorphicGradeController.h */,
				F7BD46871121BCDA005457F1 /* MetamorphicGradeController.m */,
				F7BD46881121BCDA005457F1 /* OwnerViewController.h */,
				F7BD46891121BCDA005457F1 /* OwnerViewController.m */,
				F7792B65113D858F000B9B3D /* PublicPrivateViewController.h */,
				F7792B66113D858F000B9B3D /* PublicPrivateViewController.m */,
				F7BD468E1121BCDA005457F1 /* AnnotationObjects.h */,
				F7BD468F1121BCDA005457F1 /* AnnotationObjects.m */,
				F7BD46921121BCDA005457F1 /* uniqueSamples.h */,
				F7BD46931121BCDA005457F1 /* uniqueSamples.m */,
				F7BD46981121BCDA005457F1 /* xmlParser.h */,
				F7BD46991121BCDA005457F1 /* xmlParser.m */,
				F7BD469A1121BCDA005457F1 /* CriteriaSummary.h */,
				F7BD469B1121BCDA005457F1 /* CriteriaSummary.m */,
				F70FD5B0115989DF0022564C /* CurrentSearchData.h */,
				F70FD5B1115989DF0022564C /* CurrentSearchData.m */,
				F74CE1BD1149B7EF00036599 /* PostRequest.h */,
				F74CE1BE1149B7EF00036599 /* PostRequest.m */,
				F7AC97A9118B2B2100096F61 /* KeychainWrapper.h */,
				F7AC97AA118B2B2100096F61 /* KeychainWrapper.m */,
			);
			name = classes;
			sourceTree = "<group>";
		};
		29B97314FDCFA39411CA2CEA /* CustomTemplate */ = {
			isa = PBXGroup;
			children = (
				8937D4470DF0E8EF001AA23D /* ReadMe.txt */,
				289233A00DB2D0730083E9F9 /* classes */,
				080E96DDFE201D6D7F000001 /* Application Controllers */,
				89172B410DEF5E1E0031F4F9 /* CoreLocation Delegate */,
				29B97315FDCFA39411CA2CEA /* Other Sources */,
				29B97317FDCFA39411CA2CEA /* Resources */,
				29B97323FDCFA39411CA2CEA /* Frameworks */,
				19C28FACFE9D520D11CA2CBB /* Products */,
				F0BC7C9611F918710087D263 /* Testing for iOS4-Info.plist */,
			);
			name = CustomTemplate;
			sourceTree = "<group>";
		};
		29B97315FDCFA39411CA2CEA /* Other Sources */ = {
			isa = PBXGroup;
			children = (
				F7BD46C31121BD53005457F1 /* MetPetDB_Prefix.pch */,
				F7BD46C41121BD53005457F1 /* main.m */,
			);
			name = "Other Sources";
			sourceTree = "<group>";
		};
		29B97317FDCFA39411CA2CEA /* Resources */ = {
			isa = PBXGroup;
			children = (
				F7F05557119A256B002B0D11 /* PublicPrivateView.xib */,
				F71748741199BC35002AA07D /* SingleImageView.xib */,
				F738AA891198F794007F2F8E /* LoginView.xib */,
				F75726581198E692003A45D2 /* CoordinateInputView.xib */,
				F757258B1198E1BE003A45D2 /* MainView.xib */,
				F757258E1198E1BE003A45D2 /* dropMapView.xib */,
				F757258F1198E1BE003A45D2 /* ResetView.xib */,
				F75725901198E1BE003A45D2 /* InfoView.xib */,
				F75725911198E1BE003A45D2 /* iTunesArtwork.jpg */,
				F75725921198E1BE003A45D2 /* OwnerView.xib */,
				F75725931198E1BE003A45D2 /* Icon.png */,
				F75725941198E1BE003A45D2 /* iTunesArtwork */,
				F75725951198E1BE003A45D2 /* MapTypeView.xib */,
				F75725961198E1BE003A45D2 /* AddComment.xib */,
				F75725971198E1BE003A45D2 /* ChemicalAnalysis.xib */,
				F75725981198E1BE003A45D2 /* CommentDisplay.xib */,
				F75725991198E1BE003A45D2 /* ImageView.xib */,
				F757259A1198E1BE003A45D2 /* LocationView.xib */,
				F757259D1198E1BE003A45D2 /* MapView.xib */,
				F757259E1198E1BE003A45D2 /* MetamorphicGradeView.xib */,
				F757259C1198E1BE003A45D2 /* MainWindow.xib */,
				F757259F1198E1BE003A45D2 /* MineralsView.xib */,
				F75725A01198E1BE003A45D2 /* RegionView.xib */,
				F75725A11198E1BE003A45D2 /* RockTypeView.xib */,
				F75725A21198E1BE003A45D2 /* SampleInfo.xib */,
				F75725A31198E1BE003A45D2 /* SampleTableView.xib */,
				F75725A41198E1BE003A45D2 /* SearchCriteriaSummary.xib */,
				F75725A51198E1BE003A45D2 /* SearchView.xib */,
				F75725A71198E1BE003A45D2 /* TableView.xib */,
				F75725A91198E1BE003A45D2 /* WelcomeView.xib */,
				F75725AA1198E1BE003A45D2 /* Default.png */,
				F75725AB1198E1BE003A45D2 /* MetPetDB-Info.plist */,
				F75725AC1198E1BE003A45D2 /* Localizable.strings */,
			);
			name = Resources;
			sourceTree = "<group>";
		};
		29B97323FDCFA39411CA2CEA /* Frameworks */ = {
			isa = PBXGroup;
			children = (
				F731299F10188FDF0049CD99 /* Security.framework */,
				F7C1F7E30FCFFF89005AB0D5 /* CoreGraphics.framework */,
				F79193250FC43777003BC117 /* MapKit.framework */,
				F769E9430FC42BB700630D69 /* CoreLocation.framework */,
				F7F606A10FC1F5D500CF0CEF /* UIKit.framework */,
				F7AADFC40FC1EFE100BDCDAB /* CoreData.framework */,
				F7AADFBB0FC1EF9500BDCDAB /* Foundation.framework */,
				F789F60E0FB387B00062AC0F /* CoreFoundation.framework */,
				F7926A231180FFA00070EA83 /* CFNetwork.framework */,
			);
			name = Frameworks;
			sourceTree = "<group>";
		};
		89172B410DEF5E1E0031F4F9 /* CoreLocation Delegate */ = {
			isa = PBXGroup;
			children = (
				F7BD47891121BFAE005457F1 /* MyCLController.h */,
				F7BD478A1121BFAE005457F1 /* MyCLController.m */,
				F7BD46BF1121BCFE005457F1 /* LocationControllerMain.h */,
				F7BD46C01121BCFE005457F1 /* LocationControllerMain.m */,
			);
			name = "CoreLocation Delegate";
			sourceTree = "<group>";
		};
/* End PBXGroup section */

/* Begin PBXNativeTarget section */
		1D6058900D05DD3D006BFB54 /* MetPetDB */ = {
			isa = PBXNativeTarget;
			buildConfigurationList = 1D6058960D05DD3E006BFB54 /* Build configuration list for PBXNativeTarget "MetPetDB" */;
			buildPhases = (
				1D60588D0D05DD3D006BFB54 /* Resources */,
				1D60588E0D05DD3D006BFB54 /* Sources */,
				1D60588F0D05DD3D006BFB54 /* Frameworks */,
			);
			buildRules = (
			);
			dependencies = (
			);
			name = MetPetDB;
			productName = LocateMe;
			productReference = F75722B51198D951003A45D2 /* MetPetDB.app */;
			productType = "com.apple.product-type.application";
		};
		F0BC7C9311F918710087D263 /* Testing for iOS4 */ = {
			isa = PBXNativeTarget;
			buildConfigurationList = F0BC7C9A11F918720087D263 /* Build configuration list for PBXNativeTarget "Testing for iOS4" */;
			buildPhases = (
				F0BC7C9011F918710087D263 /* Resources */,
				F0BC7C9111F918710087D263 /* Sources */,
				F0BC7C9211F918710087D263 /* Frameworks */,
			);
			buildRules = (
			);
			dependencies = (
			);
			name = "Testing for iOS4";
			productName = "Testing for iOS4";
			productReference = F0BC7C9411F918710087D263 /* Testing for iOS4.app */;
			productType = "com.apple.product-type.application";
		};
/* End PBXNativeTarget section */

/* Begin PBXProject section */
		29B97313FDCFA39411CA2CEA /* Project object */ = {
			isa = PBXProject;
			buildConfigurationList = C01FCF4E08A954540054247B /* Build configuration list for PBXProject "MetPetDB" */;
			compatibilityVersion = "Xcode 3.1";
			hasScannedForEncodings = 1;
			knownRegions = (
				English,
				Japanese,
				French,
				German,
				en,
			);
			mainGroup = 29B97314FDCFA39411CA2CEA /* CustomTemplate */;
			projectDirPath = "";
			projectRoot = "";
			targets = (
				1D6058900D05DD3D006BFB54 /* MetPetDB */,
				F0BC7C9311F918710087D263 /* Testing for iOS4 */,
			);
		};
/* End PBXProject section */

/* Begin PBXResourcesBuildPhase section */
		1D60588D0D05DD3D006BFB54 /* Resources */ = {
			isa = PBXResourcesBuildPhase;
			buildActionMask = 2147483647;
			files = (
				F75725AD1198E1BE003A45D2 /* MainView.xib in Resources */,
				F75725B01198E1BE003A45D2 /* dropMapView.xib in Resources */,
				F75725B11198E1BE003A45D2 /* ResetView.xib in Resources */,
				F75725B21198E1BE003A45D2 /* InfoView.xib in Resources */,
				F75725B31198E1BE003A45D2 /* iTunesArtwork.jpg in Resources */,
				F75725B41198E1BE003A45D2 /* OwnerView.xib in Resources */,
				F75725B51198E1BE003A45D2 /* Icon.png in Resources */,
				F75725B61198E1BE003A45D2 /* iTunesArtwork in Resources */,
				F75725B71198E1BE003A45D2 /* MapTypeView.xib in Resources */,
				F75725B81198E1BE003A45D2 /* AddComment.xib in Resources */,
				F75725B91198E1BE003A45D2 /* ChemicalAnalysis.xib in Resources */,
				F75725BA1198E1BE003A45D2 /* CommentDisplay.xib in Resources */,
				F75725BB1198E1BE003A45D2 /* ImageView.xib in Resources */,
				F75725BC1198E1BE003A45D2 /* LocationView.xib in Resources */,
				F75725BE1198E1BE003A45D2 /* MainWindow.xib in Resources */,
				F75725BF1198E1BE003A45D2 /* MapView.xib in Resources */,
				F75725C01198E1BE003A45D2 /* MetamorphicGradeView.xib in Resources */,
				F75725C11198E1BE003A45D2 /* MineralsView.xib in Resources */,
				F75725C21198E1BE003A45D2 /* RegionView.xib in Resources */,
				F75725C31198E1BE003A45D2 /* RockTypeView.xib in Resources */,
				F75725C41198E1BE003A45D2 /* SampleInfo.xib in Resources */,
				F75725C51198E1BE003A45D2 /* SampleTableView.xib in Resources */,
				F75725C61198E1BE003A45D2 /* SearchCriteriaSummary.xib in Resources */,
				F75725C71198E1BE003A45D2 /* SearchView.xib in Resources */,
				F75725C91198E1BE003A45D2 /* TableView.xib in Resources */,
				F75725CB1198E1BE003A45D2 /* WelcomeView.xib in Resources */,
				F75725CC1198E1BE003A45D2 /* Default.png in Resources */,
				F75725CD1198E1BE003A45D2 /* MetPetDB-Info.plist in Resources */,
				F75725CE1198E1BE003A45D2 /* Localizable.strings in Resources */,
				F75726591198E692003A45D2 /* CoordinateInputView.xib in Resources */,
				F738AA8A1198F794007F2F8E /* LoginView.xib in Resources */,
				F71748751199BC35002AA07D /* SingleImageView.xib in Resources */,
				F7F05558119A256B002B0D11 /* PublicPrivateView.xib in Resources */,
			);
			runOnlyForDeploymentPostprocessing = 0;
		};
		F0BC7C9011F918710087D263 /* Resources */ = {
			isa = PBXResourcesBuildPhase;
			buildActionMask = 2147483647;
			files = (
			);
			runOnlyForDeploymentPostprocessing = 0;
		};
/* End PBXResourcesBuildPhase section */

/* Begin PBXSourcesBuildPhase section */
		1D60588E0D05DD3D006BFB54 /* Sources */ = {
			isa = PBXSourcesBuildPhase;
			buildActionMask = 2147483647;
			files = (
				F7BD469E1121BCDA005457F1 /* MainViewController.m in Sources */,
				F7BD46A01121BCDA005457F1 /* RadiusController.m in Sources */,
				F7BD46A11121BCDA005457F1 /* CoordInputController.m in Sources */,
				F7BD46A21121BCDA005457F1 /* DropMapViewController.m in Sources */,
				F7BD46A31121BCDA005457F1 /* DDAnnotationView.m in Sources */,
				F7BD46A41121BCDA005457F1 /* DDAnnotation.m in Sources */,
				F7BD46A51121BCDA005457F1 /* RegionViewController.m in Sources */,
				F7BD46A61121BCDA005457F1 /* MapController.m in Sources */,
				F7BD46A71121BCDA005457F1 /* MapTypeController.m in Sources */,
				F7BD46A81121BCDA005457F1 /* SampleTableController.m in Sources */,
				F7BD46A91121BCDA005457F1 /* SampleInfoController.m in Sources */,
				F7BD46AA1121BCDA005457F1 /* AnalysisSummary.m in Sources */,
				F7BD46AB1121BCDA005457F1 /* CommentDisplayController.m in Sources */,
				F7BD46AC1121BCDA005457F1 /* AddCommentController.m in Sources */,
				F7BD46AD1121BCDA005457F1 /* SearchCriteriaController.m in Sources */,
				F7BD46AE1121BCDA005457F1 /* TableController.m in Sources */,
				F7BD46AF1121BCDA005457F1 /* RockTypeController.m in Sources */,
				F7BD46B01121BCDA005457F1 /* MineralsController.m in Sources */,
				F7BD46B11121BCDA005457F1 /* MetamorphicGradeController.m in Sources */,
				F7BD46B21121BCDA005457F1 /* OwnerViewController.m in Sources */,
				F7BD46B31121BCDA005457F1 /* ImageViewController.m in Sources */,
				F7BD46B41121BCDA005457F1 /* SingleImageView.m in Sources */,
				F7BD46B51121BCDA005457F1 /* AnnotationObjects.m in Sources */,
				F7BD46B61121BCDA005457F1 /* LoginViewController.m in Sources */,
				F7BD46B71121BCDA005457F1 /* uniqueSamples.m in Sources */,
				F7BD46BA1121BCDA005457F1 /* xmlParser.m in Sources */,
				F7BD46BB1121BCDA005457F1 /* CriteriaSummary.m in Sources */,
				F7BD46BC1121BCDA005457F1 /* MetPetDBAppDelegate.m in Sources */,
				F7BD46C21121BCFE005457F1 /* LocationControllerMain.m in Sources */,
				F7BD46C51121BD53005457F1 /* main.m in Sources */,
				F7BD478B1121BFAE005457F1 /* MyCLController.m in Sources */,
				F7792B67113D858F000B9B3D /* PublicPrivateViewController.m in Sources */,
				F74CE1BF1149B7EF00036599 /* PostRequest.m in Sources */,
				F70FD5B2115989DF0022564C /* CurrentSearchData.m in Sources */,
				F7AC97AB118B2B2100096F61 /* KeychainWrapper.m in Sources */,
				F75722CF1198DAE3003A45D2 /* InfoViewController.m in Sources */,
			);
			runOnlyForDeploymentPostprocessing = 0;
		};
		F0BC7C9111F918710087D263 /* Sources */ = {
			isa = PBXSourcesBuildPhase;
			buildActionMask = 2147483647;
			files = (
			);
			runOnlyForDeploymentPostprocessing = 0;
		};
/* End PBXSourcesBuildPhase section */

/* Begin XCBuildConfiguration section */
		1D6058940D05DD3E006BFB54 /* Debug */ = {
			isa = XCBuildConfiguration;
			buildSettings = {
				ALWAYS_SEARCH_USER_PATHS = NO;
				CODE_SIGN_ENTITLEMENTS = "";
				CODE_SIGN_IDENTITY = "iPhone Developer";
				"CODE_SIGN_IDENTITY[sdk=iphoneos*]" = "iPhone Developer";
				"CODE_SIGN_IDENTITY[sdk=iphoneos3.0]" = "iPhone Developer";
				COPY_PHASE_STRIP = NO;
				FRAMEWORK_SEARCH_PATHS = (
					"\"/System/Library/Frameworks/Foundation.framework\"",
					"$(inherited)",
					"\"$(SDKROOT)$(SYSTEM_LIBRARY_DIR)/Frameworks\"\"$(SRCROOT)\"",
					"\"$(SRCROOT)\"\"/Developer/Platforms/iPhoneSimulator.platform/Developer/SDKs/iPhoneSimulator3.0.sdk/System/Library/Frameworks/\"",
					"\"$(SDKROOT)$(SYSTEM_LIBRARY_DIR)/PrivateFrameworks\"",
				);
				GCC_DYNAMIC_NO_PIC = NO;
				GCC_OPTIMIZATION_LEVEL = 0;
				GCC_PRECOMPILE_PREFIX_HEADER = YES;
				GCC_PREFIX_HEADER = MetPetDB_Prefix.pch;
				INFOPLIST_FILE = Info.plist;
				LIBRARY_SEARCH_PATHS = (
					"\"/System/Library/Frameworks/Foundation.framework\"",
					"$(inherited)",
					"\"$(SDKROOT)$(SYSTEM_LIBRARY_DIR)/Frameworks\"\"$(SRCROOT)\"",
				);
				OTHER_LDFLAGS = "";
				"OTHER_LDFLAGS[arch=*]" = "";
				PRODUCT_NAME = MetPetDB;
				PROVISIONING_PROFILE = "";
				"PROVISIONING_PROFILE[sdk=iphoneos*]" = "";
				"PROVISIONING_PROFILE[sdk=iphoneos3.0]" = "";
				SDKROOT = iphoneos4.0;
			};
			name = Debug;
		};
		1D6058950D05DD3E006BFB54 /* Release */ = {
			isa = XCBuildConfiguration;
			buildSettings = {
				ALWAYS_SEARCH_USER_PATHS = NO;
				CODE_SIGN_ENTITLEMENTS = "";
				CODE_SIGN_IDENTITY = "iPhone Developer";
				"CODE_SIGN_IDENTITY[sdk=iphoneos*]" = "iPhone Developer: Sibel Adali";
				"CODE_SIGN_IDENTITY[sdk=iphoneos3.0]" = "iPhone Developer";
				COPY_PHASE_STRIP = YES;
				FRAMEWORK_SEARCH_PATHS = (
					"\"/System/Library/Frameworks/Foundation.framework\"",
					"$(inherited)",
					"\"$(SDKROOT)$(SYSTEM_LIBRARY_DIR)/Frameworks\"\"$(SRCROOT)\"",
					"\"$(SRCROOT)\"\"/Developer/Platforms/iPhoneSimulator.platform/Developer/SDKs/iPhoneSimulator3.0.sdk/System/Library/Frameworks/\"",
					"\"$(SDKROOT)$(SYSTEM_LIBRARY_DIR)/PrivateFrameworks\"",
				);
				GCC_PRECOMPILE_PREFIX_HEADER = YES;
				GCC_PREFIX_HEADER = MetPetDB_Prefix.pch;
				INFOPLIST_FILE = Info.plist;
				LIBRARY_SEARCH_PATHS = (
					"\"/System/Library/Frameworks/Foundation.framework\"",
					"$(inherited)",
					"\"$(SDKROOT)$(SYSTEM_LIBRARY_DIR)/Frameworks\"\"$(SRCROOT)\"",
				);
				"OTHER_LDFLAGS[arch=*]" = "";
				PRODUCT_NAME = MetPetDB;
				PROVISIONING_PROFILE = "";
				"PROVISIONING_PROFILE[sdk=iphoneos*]" = "DE2404AE-61F2-4FE7-9744-88F6D6E49831";
				"PROVISIONING_PROFILE[sdk=iphoneos3.0]" = "";
				SDKROOT = iphoneos4.0;
			};
			name = Release;
		};
		C01FCF4F08A954540054247B /* Debug */ = {
			isa = XCBuildConfiguration;
			buildSettings = {
				ARCHS = "$(ARCHS_STANDARD_32_BIT)";
				CODE_SIGN_IDENTITY = "Don't Code Sign";
				"CODE_SIGN_IDENTITY[sdk=iphoneos*]" = "Don't Code Sign";
				GCC_C_LANGUAGE_STANDARD = c99;
				GCC_WARN_ABOUT_RETURN_TYPE = YES;
				GCC_WARN_UNUSED_VARIABLE = YES;
				IPHONEOS_DEPLOYMENT_TARGET = "";
				ONLY_ACTIVE_ARCH = YES;
				PREBINDING = NO;
				PRODUCT_NAME = MetPetDB;
				SDKROOT = iphoneos4.0;
				SYMROOT = "/Users/heatherbuletti/mpdb-iphone/build";
				TARGETED_DEVICE_FAMILY = "1,2";
			};
			name = Debug;
		};
		C01FCF5008A954540054247B /* Release */ = {
			isa = XCBuildConfiguration;
			buildSettings = {
				ARCHS = "$(ARCHS_STANDARD_32_BIT)";
				CODE_SIGN_IDENTITY = "Don't Code Sign";
				"CODE_SIGN_IDENTITY[sdk=iphoneos*]" = "Don't Code Sign";
				GCC_C_LANGUAGE_STANDARD = c99;
				GCC_WARN_ABOUT_RETURN_TYPE = YES;
				GCC_WARN_UNUSED_VARIABLE = YES;
				IPHONEOS_DEPLOYMENT_TARGET = "";
				PREBINDING = NO;
				PRODUCT_NAME = MetPetDB;
				SDKROOT = iphoneos4.0;
				TARGETED_DEVICE_FAMILY = "1,2";
			};
			name = Release;
		};
		F0BC7C9711F918720087D263 /* Debug */ = {
			isa = XCBuildConfiguration;
			buildSettings = {
				ALWAYS_SEARCH_USER_PATHS = NO;
				CODE_SIGN_IDENTITY = "iPhone Developer";
				COPY_PHASE_STRIP = NO;
				GCC_DYNAMIC_NO_PIC = NO;
				GCC_OPTIMIZATION_LEVEL = 0;
				GCC_PRECOMPILE_PREFIX_HEADER = YES;
				GCC_PREFIX_HEADER = "$(SYSTEM_LIBRARY_DIR)/Frameworks/UIKit.framework/Headers/UIKit.h";
				INFOPLIST_FILE = "Testing for iOS4-Info.plist";
				INSTALL_PATH = "$(HOME)/Applications";
				OTHER_LDFLAGS = (
					"-framework",
					Foundation,
					"-framework",
					UIKit,
				);
				PREBINDING = NO;
				PRODUCT_NAME = "Testing for iOS4";
				PROVISIONING_PROFILE = "";
				SDKROOT = iphoneos4.0;
			};
			name = Debug;
		};
		F0BC7C9811F918720087D263 /* Release */ = {
			isa = XCBuildConfiguration;
			buildSettings = {
				ALWAYS_SEARCH_USER_PATHS = NO;
				CODE_SIGN_IDENTITY = "iPhone Developer";
				COPY_PHASE_STRIP = YES;
				DEBUG_INFORMATION_FORMAT = "dwarf-with-dsym";
				GCC_ENABLE_FIX_AND_CONTINUE = NO;
				GCC_PRECOMPILE_PREFIX_HEADER = YES;
				GCC_PREFIX_HEADER = "$(SYSTEM_LIBRARY_DIR)/Frameworks/UIKit.framework/Headers/UIKit.h";
				INFOPLIST_FILE = "Testing for iOS4-Info.plist";
				INSTALL_PATH = "$(HOME)/Applications";
				OTHER_LDFLAGS = (
					"-framework",
					Foundation,
					"-framework",
					UIKit,
				);
				PREBINDING = NO;
				PRODUCT_NAME = "Testing for iOS4";
				PROVISIONING_PROFILE = "";
				SDKROOT = iphoneos4.0;
				ZERO_LINK = NO;
			};
			name = Release;
		};
		F0BC7C9911F918720087D263 /* Distribution */ = {
			isa = XCBuildConfiguration;
			buildSettings = {
				ALWAYS_SEARCH_USER_PATHS = NO;
				CODE_SIGN_IDENTITY = "iPhone Developer";
				GCC_PRECOMPILE_PREFIX_HEADER = YES;
				GCC_PREFIX_HEADER = "$(SYSTEM_LIBRARY_DIR)/Frameworks/UIKit.framework/Headers/UIKit.h";
				INFOPLIST_FILE = "Testing for iOS4-Info.plist";
				INSTALL_PATH = "$(HOME)/Applications";
				OTHER_LDFLAGS = (
					"-framework",
					Foundation,
					"-framework",
					UIKit,
				);
				PREBINDING = NO;
				PRODUCT_NAME = "Testing for iOS4";
				PROVISIONING_PROFILE = "";
				SDKROOT = iphoneos4.0;
			};
			name = Distribution;
		};
		F7BE4B971177D253003DD8BB /* Distribution */ = {
			isa = XCBuildConfiguration;
			buildSettings = {
				ARCHS = "$(ARCHS_STANDARD_32_BIT)";
				CODE_SIGN_IDENTITY = "iPhone Distribution: Sibel Adali";
				"CODE_SIGN_IDENTITY[sdk=iphoneos*]" = "iPhone Distribution: Sibel Adali";
				GCC_C_LANGUAGE_STANDARD = c99;
				GCC_WARN_ABOUT_RETURN_TYPE = YES;
				GCC_WARN_UNUSED_VARIABLE = YES;
				IPHONEOS_DEPLOYMENT_TARGET = "";
				PREBINDING = NO;
				PRODUCT_NAME = MetPetDB;
				PROVISIONING_PROFILE = "53DD38E5-A1F5-420F-AF2F-09B6C6182A7A";
				"PROVISIONING_PROFILE[sdk=iphoneos*]" = "53DD38E5-A1F5-420F-AF2F-09B6C6182A7A";
				SDKROOT = iphoneos4.0;
				TARGETED_DEVICE_FAMILY = "1,2";
			};
			name = Distribution;
		};
		F7BE4B981177D253003DD8BB /* Distribution */ = {
			isa = XCBuildConfiguration;
			buildSettings = {
				ALWAYS_SEARCH_USER_PATHS = NO;
				CODE_SIGN_ENTITLEMENTS = "";
				CODE_SIGN_IDENTITY = "iPhone Developer";
				"CODE_SIGN_IDENTITY[sdk=iphoneos*]" = "iPhone Distribution";
				"CODE_SIGN_IDENTITY[sdk=iphoneos3.0]" = "iPhone Developer";
				COPY_PHASE_STRIP = YES;
				FRAMEWORK_SEARCH_PATHS = (
					"\"/System/Library/Frameworks/Foundation.framework\"",
					"$(inherited)",
					"\"$(SDKROOT)$(SYSTEM_LIBRARY_DIR)/Frameworks\"\"$(SRCROOT)\"",
					"\"$(SRCROOT)\"\"/Developer/Platforms/iPhoneSimulator.platform/Developer/SDKs/iPhoneSimulator3.0.sdk/System/Library/Frameworks/\"",
					"\"$(SDKROOT)$(SYSTEM_LIBRARY_DIR)/PrivateFrameworks\"",
				);
				GCC_PRECOMPILE_PREFIX_HEADER = YES;
				GCC_PREFIX_HEADER = MetPetDB_Prefix.pch;
				INFOPLIST_FILE = Info.plist;
				LIBRARY_SEARCH_PATHS = (
					"\"/System/Library/Frameworks/Foundation.framework\"",
					"$(inherited)",
					"\"$(SDKROOT)$(SYSTEM_LIBRARY_DIR)/Frameworks\"\"$(SRCROOT)\"",
				);
				"OTHER_LDFLAGS[arch=*]" = "";
				PRODUCT_NAME = MetPetDB;
				PROVISIONING_PROFILE = "";
				"PROVISIONING_PROFILE[sdk=iphoneos*]" = "";
				"PROVISIONING_PROFILE[sdk=iphoneos3.0]" = "";
				SDKROOT = iphoneos4.0;
			};
			name = Distribution;
		};
/* End XCBuildConfiguration section */

/* Begin XCConfigurationList section */
		1D6058960D05DD3E006BFB54 /* Build configuration list for PBXNativeTarget "MetPetDB" */ = {
			isa = XCConfigurationList;
			buildConfigurations = (
				1D6058940D05DD3E006BFB54 /* Debug */,
				1D6058950D05DD3E006BFB54 /* Release */,
				F7BE4B981177D253003DD8BB /* Distribution */,
			);
			defaultConfigurationIsVisible = 0;
			defaultConfigurationName = Release;
		};
		C01FCF4E08A954540054247B /* Build configuration list for PBXProject "MetPetDB" */ = {
			isa = XCConfigurationList;
			buildConfigurations = (
				C01FCF4F08A954540054247B /* Debug */,
				C01FCF5008A954540054247B /* Release */,
				F7BE4B971177D253003DD8BB /* Distribution */,
			);
			defaultConfigurationIsVisible = 0;
			defaultConfigurationName = Release;
		};
		F0BC7C9A11F918720087D263 /* Build configuration list for PBXNativeTarget "Testing for iOS4" */ = {
			isa = XCConfigurationList;
			buildConfigurations = (
				F0BC7C9711F918720087D263 /* Debug */,
				F0BC7C9811F918720087D263 /* Release */,
				F0BC7C9911F918720087D263 /* Distribution */,
			);
			defaultConfigurationIsVisible = 0;
			defaultConfigurationName = Release;
		};
/* End XCConfigurationList section */
	};
	rootObject = 29B97313FDCFA39411CA2CEA /* Project object */;
}
